// !$*UTF8*$!
{
	archiveVersion = 1;
	classes = {
	};
	objectVersion = 46;
	objects = {

/* Begin PBXBuildFile section */
		041650371B4D7141008C78BE /* main.m in Sources */ = {isa = PBXBuildFile; fileRef = 041650361B4D7141008C78BE /* main.m */; };
		0416503A1B4D7141008C78BE /* AppDelegate.m in Sources */ = {isa = PBXBuildFile; fileRef = 041650391B4D7141008C78BE /* AppDelegate.m */; };
		041650421B4D7142008C78BE /* Images.xcassets in Resources */ = {isa = PBXBuildFile; fileRef = 041650411B4D7142008C78BE /* Images.xcassets */; };
		041650451B4D7142008C78BE /* LaunchScreen.xib in Resources */ = {isa = PBXBuildFile; fileRef = 041650431B4D7142008C78BE /* LaunchScreen.xib */; };
		041650511B4D7142008C78BE /* EggShellTests.m in Sources */ = {isa = PBXBuildFile; fileRef = 041650501B4D7142008C78BE /* EggShellTests.m */; };
		041650671B4D7240008C78BE /* GAdapter.m in Sources */ = {isa = PBXBuildFile; fileRef = 0416505E1B4D7240008C78BE /* GAdapter.m */; };
		041650681B4D7240008C78BE /* GArrayAdapter.m in Sources */ = {isa = PBXBuildFile; fileRef = 041650601B4D7240008C78BE /* GArrayAdapter.m */; };
		041650691B4D7240008C78BE /* GObjAdapter.m in Sources */ = {isa = PBXBuildFile; fileRef = 041650621B4D7240008C78BE /* GObjAdapter.m */; };
		0416506A1B4D7240008C78BE /* Gson.m in Sources */ = {isa = PBXBuildFile; fileRef = 041650641B4D7240008C78BE /* Gson.m */; };
		0416506B1B4D7240008C78BE /* GVarAdapter.m in Sources */ = {isa = PBXBuildFile; fileRef = 041650661B4D7240008C78BE /* GVarAdapter.m */; };
		041650CA1B4D730F008C78BE /* MBProgressHUD+Show.m in Sources */ = {isa = PBXBuildFile; fileRef = 041650A51B4D730F008C78BE /* MBProgressHUD+Show.m */; };
		041650CB1B4D730F008C78BE /* MBProgressHUD.m in Sources */ = {isa = PBXBuildFile; fileRef = 041650A71B4D730F008C78BE /* MBProgressHUD.m */; };
		041650DF1B4D795B008C78BE /* AFAppRequest.m in Sources */ = {isa = PBXBuildFile; fileRef = 041650DE1B4D795B008C78BE /* AFAppRequest.m */; };
		041650EB1B4D7C4E008C78BE /* MJRefresh.bundle in Resources */ = {isa = PBXBuildFile; fileRef = 041650E11B4D7C4E008C78BE /* MJRefresh.bundle */; };
		041650EC1B4D7C4E008C78BE /* MJRefreshBaseView.m in Sources */ = {isa = PBXBuildFile; fileRef = 041650E41B4D7C4E008C78BE /* MJRefreshBaseView.m */; };
		041650ED1B4D7C4E008C78BE /* MJRefreshConst.m in Sources */ = {isa = PBXBuildFile; fileRef = 041650E61B4D7C4E008C78BE /* MJRefreshConst.m */; };
		041650EE1B4D7C4E008C78BE /* MJRefreshFooterView.m in Sources */ = {isa = PBXBuildFile; fileRef = 041650E81B4D7C4E008C78BE /* MJRefreshFooterView.m */; };
		041650EF1B4D7C4E008C78BE /* MJRefreshHeaderView.m in Sources */ = {isa = PBXBuildFile; fileRef = 041650EA1B4D7C4E008C78BE /* MJRefreshHeaderView.m */; };
		04237D901B66456F00768FAD /* LoginAndRegisterRequest.m in Sources */ = {isa = PBXBuildFile; fileRef = 04237D8F1B66456F00768FAD /* LoginAndRegisterRequest.m */; };
		04A483B41B74FD1B006FDB9D /* TH_MainTabBarController.m in Sources */ = {isa = PBXBuildFile; fileRef = 04A483B31B74FD1B006FDB9D /* TH_MainTabBarController.m */; };
		04A483D71B751E77006FDB9D /* Utils.m in Sources */ = {isa = PBXBuildFile; fileRef = 04A483D61B751E77006FDB9D /* Utils.m */; };
		04A483E01B78AEB9006FDB9D /* SearchView.m in Sources */ = {isa = PBXBuildFile; fileRef = 04A483DF1B78AEB9006FDB9D /* SearchView.m */; };
		04A483E41B78AF01006FDB9D /* SearchView.xib in Resources */ = {isa = PBXBuildFile; fileRef = 04A483E31B78AF01006FDB9D /* SearchView.xib */; };
		94CB5B7A1B74CC0600B23B9D /* BaseModel.m in Sources */ = {isa = PBXBuildFile; fileRef = 94CB5B561B74CC0600B23B9D /* BaseModel.m */; };
		94CB5B7B1B74CC0600B23B9D /* HomePageModel.m in Sources */ = {isa = PBXBuildFile; fileRef = 94CB5B581B74CC0600B23B9D /* HomePageModel.m */; };
		94CB5B7C1B74CC0600B23B9D /* MJArgument.m in Sources */ = {isa = PBXBuildFile; fileRef = 94CB5B5B1B74CC0600B23B9D /* MJArgument.m */; };
		94CB5B7D1B74CC0600B23B9D /* MJConst.m in Sources */ = {isa = PBXBuildFile; fileRef = 94CB5B5D1B74CC0600B23B9D /* MJConst.m */; };
		94CB5B7E1B74CC0600B23B9D /* MJFoundation.m in Sources */ = {isa = PBXBuildFile; fileRef = 94CB5B601B74CC0600B23B9D /* MJFoundation.m */; };
		94CB5B7F1B74CC0600B23B9D /* MJIvar.m in Sources */ = {isa = PBXBuildFile; fileRef = 94CB5B621B74CC0600B23B9D /* MJIvar.m */; };
		94CB5B801B74CC0600B23B9D /* MJMember.m in Sources */ = {isa = PBXBuildFile; fileRef = 94CB5B641B74CC0600B23B9D /* MJMember.m */; };
		94CB5B811B74CC0600B23B9D /* MJMethod.m in Sources */ = {isa = PBXBuildFile; fileRef = 94CB5B661B74CC0600B23B9D /* MJMethod.m */; };
		94CB5B821B74CC0600B23B9D /* MJType.m in Sources */ = {isa = PBXBuildFile; fileRef = 94CB5B681B74CC0600B23B9D /* MJType.m */; };
		94CB5B831B74CC0600B23B9D /* MJTypeEncoding.m in Sources */ = {isa = PBXBuildFile; fileRef = 94CB5B6A1B74CC0600B23B9D /* MJTypeEncoding.m */; };
		94CB5B841B74CC0600B23B9D /* NSObject+MJCoding.m in Sources */ = {isa = PBXBuildFile; fileRef = 94CB5B6C1B74CC0600B23B9D /* NSObject+MJCoding.m */; };
		94CB5B851B74CC0600B23B9D /* NSObject+MJKeyValue.m in Sources */ = {isa = PBXBuildFile; fileRef = 94CB5B6E1B74CC0600B23B9D /* NSObject+MJKeyValue.m */; };
		94CB5B861B74CC0600B23B9D /* NSObject+MJMember.m in Sources */ = {isa = PBXBuildFile; fileRef = 94CB5B701B74CC0600B23B9D /* NSObject+MJMember.m */; };
		94CB5B871B74CC0600B23B9D /* SGFocusImageFrame.m in Sources */ = {isa = PBXBuildFile; fileRef = 94CB5B721B74CC0600B23B9D /* SGFocusImageFrame.m */; settings = {COMPILER_FLAGS = "-fno-objc-arc"; }; };
		94CB5B881B74CC0600B23B9D /* SGFocusImageItem.m in Sources */ = {isa = PBXBuildFile; fileRef = 94CB5B741B74CC0600B23B9D /* SGFocusImageItem.m */; };
		94CB5B891B74CC0600B23B9D /* LICENSE in Resources */ = {isa = PBXBuildFile; fileRef = 94CB5B761B74CC0600B23B9D /* LICENSE */; };
		94CB5B8A1B74CC0600B23B9D /* readme.md in Sources */ = {isa = PBXBuildFile; fileRef = 94CB5B771B74CC0600B23B9D /* readme.md */; };
		94CB5B8B1B74CC0600B23B9D /* SMPageControl.m in Sources */ = {isa = PBXBuildFile; fileRef = 94CB5B791B74CC0600B23B9D /* SMPageControl.m */; };
		94CB5B8F1B74EF3900B23B9D /* HomeView.m in Sources */ = {isa = PBXBuildFile; fileRef = 94CB5B8E1B74EF3900B23B9D /* HomeView.m */; };
		94CB5B911B74F0D500B23B9D /* HomeViews.xib in Resources */ = {isa = PBXBuildFile; fileRef = 94CB5B901B74F0D500B23B9D /* HomeViews.xib */; };
		94CB5B9B1B7632E800B23B9D /* TH_BaseVC.m in Sources */ = {isa = PBXBuildFile; fileRef = 94CB5B9A1B7632E800B23B9D /* TH_BaseVC.m */; };
		94CB5B9E1B76334000B23B9D /* TH_HomeVC.m in Sources */ = {isa = PBXBuildFile; fileRef = 94CB5B9D1B76334000B23B9D /* TH_HomeVC.m */; };
		94CB5BA11B76342300B23B9D /* TH_SociallyVC.m in Sources */ = {isa = PBXBuildFile; fileRef = 94CB5BA01B76342300B23B9D /* TH_SociallyVC.m */; };
		94CB5BA41B76343E00B23B9D /* TH_ClassVC.m in Sources */ = {isa = PBXBuildFile; fileRef = 94CB5BA31B76343E00B23B9D /* TH_ClassVC.m */; };
		94CB5BA71B76345D00B23B9D /* TH_MineVC.m in Sources */ = {isa = PBXBuildFile; fileRef = 94CB5BA61B76345D00B23B9D /* TH_MineVC.m */; };
		94CB5BAB1B763AAC00B23B9D /* TH_FindJobVC.m in Sources */ = {isa = PBXBuildFile; fileRef = 94CB5BAA1B763AAC00B23B9D /* TH_FindJobVC.m */; };
		94EAEAC31B78437A003C19DD /* TH_FindPracticeVC.m in Sources */ = {isa = PBXBuildFile; fileRef = 94EAEAC21B78437A003C19DD /* TH_FindPracticeVC.m */; };
		94EBEC711B786A1700764661 /* TH_JobDetailVC.m in Sources */ = {isa = PBXBuildFile; fileRef = 94EBEC701B786A1700764661 /* TH_JobDetailVC.m */; };
		94EBEC751B78710B00764661 /* JobDescriptionlView.m in Sources */ = {isa = PBXBuildFile; fileRef = 94EBEC741B78710B00764661 /* JobDescriptionlView.m */; };
		94EBEC771B78714600764661 /* JobDescription.xib in Resources */ = {isa = PBXBuildFile; fileRef = 94EBEC761B78714600764661 /* JobDescription.xib */; };
		94EDD4DF1B78302E00A00A78 /* THCustomNavigationController.m in Sources */ = {isa = PBXBuildFile; fileRef = 94EDD4DE1B78302E00A00A78 /* THCustomNavigationController.m */; };
		94EDD4E81B78319A00A00A78 /* UIBarButtonItem+Extension.m in Sources */ = {isa = PBXBuildFile; fileRef = 94EDD4E31B78319A00A00A78 /* UIBarButtonItem+Extension.m */; };
		94EDD4E91B78319A00A00A78 /* UILabel+Extension.m in Sources */ = {isa = PBXBuildFile; fileRef = 94EDD4E51B78319A00A00A78 /* UILabel+Extension.m */; };
		94EDD4EA1B78319A00A00A78 /* UIView+Extension.m in Sources */ = {isa = PBXBuildFile; fileRef = 94EDD4E71B78319A00A00A78 /* UIView+Extension.m */; };
		94EDD4F01B7831BB00A00A78 /* ZXButton.m in Sources */ = {isa = PBXBuildFile; fileRef = 94EDD4ED1B7831BB00A00A78 /* ZXButton.m */; };
		94EDD4F11B7831BB00A00A78 /* ZXLabel.m in Sources */ = {isa = PBXBuildFile; fileRef = 94EDD4EF1B7831BB00A00A78 /* ZXLabel.m */; };
		94EDD4F41B7831DA00A00A78 /* ZXImagePickerVC.m in Sources */ = {isa = PBXBuildFile; fileRef = 94EDD4F31B7831DA00A00A78 /* ZXImagePickerVC.m */; };
		94EDD4F81B783FA700A00A78 /* TH_FindPartTimeVC.m in Sources */ = {isa = PBXBuildFile; fileRef = 94EDD4F71B783FA700A00A78 /* TH_FindPartTimeVC.m */; };
		CA3D16A93CCBDD012A68A6C9 /* libPods.a in Frameworks */ = {isa = PBXBuildFile; fileRef = 37454D869BE49FA62A71A04C /* libPods.a */; };
/* End PBXBuildFile section */

/* Begin PBXContainerItemProxy section */
		0416504B1B4D7142008C78BE /* PBXContainerItemProxy */ = {
			isa = PBXContainerItemProxy;
			containerPortal = 041650291B4D7141008C78BE /* Project object */;
			proxyType = 1;
			remoteGlobalIDString = 041650301B4D7141008C78BE;
			remoteInfo = EggShell;
		};
/* End PBXContainerItemProxy section */

/* Begin PBXFileReference section */
		041650311B4D7141008C78BE /* EggShell.app */ = {isa = PBXFileReference; explicitFileType = wrapper.application; includeInIndex = 0; path = EggShell.app; sourceTree = BUILT_PRODUCTS_DIR; };
		041650351B4D7141008C78BE /* Info.plist */ = {isa = PBXFileReference; lastKnownFileType = text.plist.xml; path = Info.plist; sourceTree = "<group>"; };
		041650361B4D7141008C78BE /* main.m */ = {isa = PBXFileReference; lastKnownFileType = sourcecode.c.objc; path = main.m; sourceTree = "<group>"; };
		041650381B4D7141008C78BE /* AppDelegate.h */ = {isa = PBXFileReference; lastKnownFileType = sourcecode.c.h; path = AppDelegate.h; sourceTree = "<group>"; };
		041650391B4D7141008C78BE /* AppDelegate.m */ = {isa = PBXFileReference; lastKnownFileType = sourcecode.c.objc; path = AppDelegate.m; sourceTree = "<group>"; };
		041650411B4D7142008C78BE /* Images.xcassets */ = {isa = PBXFileReference; lastKnownFileType = folder.assetcatalog; path = Images.xcassets; sourceTree = "<group>"; };
		041650441B4D7142008C78BE /* Base */ = {isa = PBXFileReference; lastKnownFileType = file.xib; name = Base; path = Base.lproj/LaunchScreen.xib; sourceTree = "<group>"; };
		0416504A1B4D7142008C78BE /* EggShellTests.xctest */ = {isa = PBXFileReference; explicitFileType = wrapper.cfbundle; includeInIndex = 0; path = EggShellTests.xctest; sourceTree = BUILT_PRODUCTS_DIR; };
		0416504F1B4D7142008C78BE /* Info.plist */ = {isa = PBXFileReference; lastKnownFileType = text.plist.xml; path = Info.plist; sourceTree = "<group>"; };
		041650501B4D7142008C78BE /* EggShellTests.m */ = {isa = PBXFileReference; lastKnownFileType = sourcecode.c.objc; path = EggShellTests.m; sourceTree = "<group>"; };
		0416505C1B4D7240008C78BE /* Expose.h */ = {isa = PBXFileReference; fileEncoding = 4; lastKnownFileType = sourcecode.c.h; path = Expose.h; sourceTree = "<group>"; };
		0416505D1B4D7240008C78BE /* GAdapter.h */ = {isa = PBXFileReference; fileEncoding = 4; lastKnownFileType = sourcecode.c.h; path = GAdapter.h; sourceTree = "<group>"; };
		0416505E1B4D7240008C78BE /* GAdapter.m */ = {isa = PBXFileReference; fileEncoding = 4; lastKnownFileType = sourcecode.c.objc; path = GAdapter.m; sourceTree = "<group>"; };
		0416505F1B4D7240008C78BE /* GArrayAdapter.h */ = {isa = PBXFileReference; fileEncoding = 4; lastKnownFileType = sourcecode.c.h; path = GArrayAdapter.h; sourceTree = "<group>"; };
		041650601B4D7240008C78BE /* GArrayAdapter.m */ = {isa = PBXFileReference; fileEncoding = 4; lastKnownFileType = sourcecode.c.objc; path = GArrayAdapter.m; sourceTree = "<group>"; };
		041650611B4D7240008C78BE /* GObjAdapter.h */ = {isa = PBXFileReference; fileEncoding = 4; lastKnownFileType = sourcecode.c.h; path = GObjAdapter.h; sourceTree = "<group>"; };
		041650621B4D7240008C78BE /* GObjAdapter.m */ = {isa = PBXFileReference; fileEncoding = 4; lastKnownFileType = sourcecode.c.objc; path = GObjAdapter.m; sourceTree = "<group>"; };
		041650631B4D7240008C78BE /* Gson.h */ = {isa = PBXFileReference; fileEncoding = 4; lastKnownFileType = sourcecode.c.h; path = Gson.h; sourceTree = "<group>"; };
		041650641B4D7240008C78BE /* Gson.m */ = {isa = PBXFileReference; fileEncoding = 4; lastKnownFileType = sourcecode.c.objc; path = Gson.m; sourceTree = "<group>"; };
		041650651B4D7240008C78BE /* GVarAdapter.h */ = {isa = PBXFileReference; fileEncoding = 4; lastKnownFileType = sourcecode.c.h; path = GVarAdapter.h; sourceTree = "<group>"; };
		041650661B4D7240008C78BE /* GVarAdapter.m */ = {isa = PBXFileReference; fileEncoding = 4; lastKnownFileType = sourcecode.c.objc; path = GVarAdapter.m; sourceTree = "<group>"; };
		041650A41B4D730F008C78BE /* MBProgressHUD+Show.h */ = {isa = PBXFileReference; fileEncoding = 4; lastKnownFileType = sourcecode.c.h; path = "MBProgressHUD+Show.h"; sourceTree = "<group>"; };
		041650A51B4D730F008C78BE /* MBProgressHUD+Show.m */ = {isa = PBXFileReference; fileEncoding = 4; lastKnownFileType = sourcecode.c.objc; path = "MBProgressHUD+Show.m"; sourceTree = "<group>"; };
		041650A61B4D730F008C78BE /* MBProgressHUD.h */ = {isa = PBXFileReference; fileEncoding = 4; lastKnownFileType = sourcecode.c.h; path = MBProgressHUD.h; sourceTree = "<group>"; };
		041650A71B4D730F008C78BE /* MBProgressHUD.m */ = {isa = PBXFileReference; fileEncoding = 4; lastKnownFileType = sourcecode.c.objc; path = MBProgressHUD.m; sourceTree = "<group>"; };
		041650DD1B4D795B008C78BE /* AFAppRequest.h */ = {isa = PBXFileReference; fileEncoding = 4; lastKnownFileType = sourcecode.c.h; path = AFAppRequest.h; sourceTree = "<group>"; };
		041650DE1B4D795B008C78BE /* AFAppRequest.m */ = {isa = PBXFileReference; fileEncoding = 4; lastKnownFileType = sourcecode.c.objc; path = AFAppRequest.m; sourceTree = "<group>"; };
		041650E11B4D7C4E008C78BE /* MJRefresh.bundle */ = {isa = PBXFileReference; lastKnownFileType = "wrapper.plug-in"; path = MJRefresh.bundle; sourceTree = "<group>"; };
		041650E21B4D7C4E008C78BE /* MJRefresh.h */ = {isa = PBXFileReference; fileEncoding = 4; lastKnownFileType = sourcecode.c.h; path = MJRefresh.h; sourceTree = "<group>"; };
		041650E31B4D7C4E008C78BE /* MJRefreshBaseView.h */ = {isa = PBXFileReference; fileEncoding = 4; lastKnownFileType = sourcecode.c.h; path = MJRefreshBaseView.h; sourceTree = "<group>"; };
		041650E41B4D7C4E008C78BE /* MJRefreshBaseView.m */ = {isa = PBXFileReference; fileEncoding = 4; lastKnownFileType = sourcecode.c.objc; path = MJRefreshBaseView.m; sourceTree = "<group>"; };
		041650E51B4D7C4E008C78BE /* MJRefreshConst.h */ = {isa = PBXFileReference; fileEncoding = 4; lastKnownFileType = sourcecode.c.h; path = MJRefreshConst.h; sourceTree = "<group>"; };
		041650E61B4D7C4E008C78BE /* MJRefreshConst.m */ = {isa = PBXFileReference; fileEncoding = 4; lastKnownFileType = sourcecode.c.objc; path = MJRefreshConst.m; sourceTree = "<group>"; };
		041650E71B4D7C4E008C78BE /* MJRefreshFooterView.h */ = {isa = PBXFileReference; fileEncoding = 4; lastKnownFileType = sourcecode.c.h; path = MJRefreshFooterView.h; sourceTree = "<group>"; };
		041650E81B4D7C4E008C78BE /* MJRefreshFooterView.m */ = {isa = PBXFileReference; fileEncoding = 4; lastKnownFileType = sourcecode.c.objc; path = MJRefreshFooterView.m; sourceTree = "<group>"; };
		041650E91B4D7C4E008C78BE /* MJRefreshHeaderView.h */ = {isa = PBXFileReference; fileEncoding = 4; lastKnownFileType = sourcecode.c.h; path = MJRefreshHeaderView.h; sourceTree = "<group>"; };
		041650EA1B4D7C4E008C78BE /* MJRefreshHeaderView.m */ = {isa = PBXFileReference; fileEncoding = 4; lastKnownFileType = sourcecode.c.objc; path = MJRefreshHeaderView.m; sourceTree = "<group>"; };
		041650F01B4D7F19008C78BE /* PrefixHeader.pch */ = {isa = PBXFileReference; lastKnownFileType = sourcecode.c.h; path = PrefixHeader.pch; sourceTree = "<group>"; };
		04237D8E1B66456F00768FAD /* LoginAndRegisterRequest.h */ = {isa = PBXFileReference; fileEncoding = 4; lastKnownFileType = sourcecode.c.h; path = LoginAndRegisterRequest.h; sourceTree = "<group>"; };
		04237D8F1B66456F00768FAD /* LoginAndRegisterRequest.m */ = {isa = PBXFileReference; fileEncoding = 4; lastKnownFileType = sourcecode.c.objc; path = LoginAndRegisterRequest.m; sourceTree = "<group>"; };
		04A483B21B74FD1B006FDB9D /* TH_MainTabBarController.h */ = {isa = PBXFileReference; fileEncoding = 4; lastKnownFileType = sourcecode.c.h; name = TH_MainTabBarController.h; path = ../../../ViewControllers/TH_MainTabBarController.h; sourceTree = "<group>"; };
		04A483B31B74FD1B006FDB9D /* TH_MainTabBarController.m */ = {isa = PBXFileReference; fileEncoding = 4; lastKnownFileType = sourcecode.c.objc; name = TH_MainTabBarController.m; path = ../../../ViewControllers/TH_MainTabBarController.m; sourceTree = "<group>"; };
		04A483D51B751E77006FDB9D /* Utils.h */ = {isa = PBXFileReference; fileEncoding = 4; lastKnownFileType = sourcecode.c.h; path = Utils.h; sourceTree = "<group>"; };
		04A483D61B751E77006FDB9D /* Utils.m */ = {isa = PBXFileReference; fileEncoding = 4; lastKnownFileType = sourcecode.c.objc; path = Utils.m; sourceTree = "<group>"; };
		04A483DE1B78AEB9006FDB9D /* SearchView.h */ = {isa = PBXFileReference; fileEncoding = 4; lastKnownFileType = sourcecode.c.h; name = SearchView.h; path = ../Mine/SearchView.h; sourceTree = "<group>"; };
		04A483DF1B78AEB9006FDB9D /* SearchView.m */ = {isa = PBXFileReference; fileEncoding = 4; lastKnownFileType = sourcecode.c.objc; name = SearchView.m; path = ../Mine/SearchView.m; sourceTree = "<group>"; };
		04A483E31B78AF01006FDB9D /* SearchView.xib */ = {isa = PBXFileReference; fileEncoding = 4; lastKnownFileType = file.xib; name = SearchView.xib; path = ../Mine/SearchView.xib; sourceTree = "<group>"; };
		37454D869BE49FA62A71A04C /* libPods.a */ = {isa = PBXFileReference; explicitFileType = archive.ar; includeInIndex = 0; path = libPods.a; sourceTree = BUILT_PRODUCTS_DIR; };
		52C8CB3344C41F9F3DBAC076 /* Pods.release.xcconfig */ = {isa = PBXFileReference; includeInIndex = 1; lastKnownFileType = text.xcconfig; name = Pods.release.xcconfig; path = "Pods/Target Support Files/Pods/Pods.release.xcconfig"; sourceTree = "<group>"; };
		94CB5B551B74CC0600B23B9D /* BaseModel.h */ = {isa = PBXFileReference; fileEncoding = 4; lastKnownFileType = sourcecode.c.h; path = BaseModel.h; sourceTree = "<group>"; };
		94CB5B561B74CC0600B23B9D /* BaseModel.m */ = {isa = PBXFileReference; fileEncoding = 4; lastKnownFileType = sourcecode.c.objc; path = BaseModel.m; sourceTree = "<group>"; };
		94CB5B571B74CC0600B23B9D /* HomePageModel.h */ = {isa = PBXFileReference; fileEncoding = 4; lastKnownFileType = sourcecode.c.h; path = HomePageModel.h; sourceTree = "<group>"; };
		94CB5B581B74CC0600B23B9D /* HomePageModel.m */ = {isa = PBXFileReference; fileEncoding = 4; lastKnownFileType = sourcecode.c.objc; path = HomePageModel.m; sourceTree = "<group>"; };
		94CB5B5A1B74CC0600B23B9D /* MJArgument.h */ = {isa = PBXFileReference; fileEncoding = 4; lastKnownFileType = sourcecode.c.h; path = MJArgument.h; sourceTree = "<group>"; };
		94CB5B5B1B74CC0600B23B9D /* MJArgument.m */ = {isa = PBXFileReference; fileEncoding = 4; lastKnownFileType = sourcecode.c.objc; path = MJArgument.m; sourceTree = "<group>"; };
		94CB5B5C1B74CC0600B23B9D /* MJConst.h */ = {isa = PBXFileReference; fileEncoding = 4; lastKnownFileType = sourcecode.c.h; path = MJConst.h; sourceTree = "<group>"; };
		94CB5B5D1B74CC0600B23B9D /* MJConst.m */ = {isa = PBXFileReference; fileEncoding = 4; lastKnownFileType = sourcecode.c.objc; path = MJConst.m; sourceTree = "<group>"; };
		94CB5B5E1B74CC0600B23B9D /* MJExtension.h */ = {isa = PBXFileReference; fileEncoding = 4; lastKnownFileType = sourcecode.c.h; path = MJExtension.h; sourceTree = "<group>"; };
		94CB5B5F1B74CC0600B23B9D /* MJFoundation.h */ = {isa = PBXFileReference; fileEncoding = 4; lastKnownFileType = sourcecode.c.h; path = MJFoundation.h; sourceTree = "<group>"; };
		94CB5B601B74CC0600B23B9D /* MJFoundation.m */ = {isa = PBXFileReference; fileEncoding = 4; lastKnownFileType = sourcecode.c.objc; path = MJFoundation.m; sourceTree = "<group>"; };
		94CB5B611B74CC0600B23B9D /* MJIvar.h */ = {isa = PBXFileReference; fileEncoding = 4; lastKnownFileType = sourcecode.c.h; path = MJIvar.h; sourceTree = "<group>"; };
		94CB5B621B74CC0600B23B9D /* MJIvar.m */ = {isa = PBXFileReference; fileEncoding = 4; lastKnownFileType = sourcecode.c.objc; path = MJIvar.m; sourceTree = "<group>"; };
		94CB5B631B74CC0600B23B9D /* MJMember.h */ = {isa = PBXFileReference; fileEncoding = 4; lastKnownFileType = sourcecode.c.h; path = MJMember.h; sourceTree = "<group>"; };
		94CB5B641B74CC0600B23B9D /* MJMember.m */ = {isa = PBXFileReference; fileEncoding = 4; lastKnownFileType = sourcecode.c.objc; path = MJMember.m; sourceTree = "<group>"; };
		94CB5B651B74CC0600B23B9D /* MJMethod.h */ = {isa = PBXFileReference; fileEncoding = 4; lastKnownFileType = sourcecode.c.h; path = MJMethod.h; sourceTree = "<group>"; };
		94CB5B661B74CC0600B23B9D /* MJMethod.m */ = {isa = PBXFileReference; fileEncoding = 4; lastKnownFileType = sourcecode.c.objc; path = MJMethod.m; sourceTree = "<group>"; };
		94CB5B671B74CC0600B23B9D /* MJType.h */ = {isa = PBXFileReference; fileEncoding = 4; lastKnownFileType = sourcecode.c.h; path = MJType.h; sourceTree = "<group>"; };
		94CB5B681B74CC0600B23B9D /* MJType.m */ = {isa = PBXFileReference; fileEncoding = 4; lastKnownFileType = sourcecode.c.objc; path = MJType.m; sourceTree = "<group>"; };
		94CB5B691B74CC0600B23B9D /* MJTypeEncoding.h */ = {isa = PBXFileReference; fileEncoding = 4; lastKnownFileType = sourcecode.c.h; path = MJTypeEncoding.h; sourceTree = "<group>"; };
		94CB5B6A1B74CC0600B23B9D /* MJTypeEncoding.m */ = {isa = PBXFileReference; fileEncoding = 4; lastKnownFileType = sourcecode.c.objc; path = MJTypeEncoding.m; sourceTree = "<group>"; };
		94CB5B6B1B74CC0600B23B9D /* NSObject+MJCoding.h */ = {isa = PBXFileReference; fileEncoding = 4; lastKnownFileType = sourcecode.c.h; path = "NSObject+MJCoding.h"; sourceTree = "<group>"; };
		94CB5B6C1B74CC0600B23B9D /* NSObject+MJCoding.m */ = {isa = PBXFileReference; fileEncoding = 4; lastKnownFileType = sourcecode.c.objc; path = "NSObject+MJCoding.m"; sourceTree = "<group>"; };
		94CB5B6D1B74CC0600B23B9D /* NSObject+MJKeyValue.h */ = {isa = PBXFileReference; fileEncoding = 4; lastKnownFileType = sourcecode.c.h; path = "NSObject+MJKeyValue.h"; sourceTree = "<group>"; };
		94CB5B6E1B74CC0600B23B9D /* NSObject+MJKeyValue.m */ = {isa = PBXFileReference; fileEncoding = 4; lastKnownFileType = sourcecode.c.objc; path = "NSObject+MJKeyValue.m"; sourceTree = "<group>"; };
		94CB5B6F1B74CC0600B23B9D /* NSObject+MJMember.h */ = {isa = PBXFileReference; fileEncoding = 4; lastKnownFileType = sourcecode.c.h; path = "NSObject+MJMember.h"; sourceTree = "<group>"; };
		94CB5B701B74CC0600B23B9D /* NSObject+MJMember.m */ = {isa = PBXFileReference; fileEncoding = 4; lastKnownFileType = sourcecode.c.objc; path = "NSObject+MJMember.m"; sourceTree = "<group>"; };
		94CB5B711B74CC0600B23B9D /* SGFocusImageFrame.h */ = {isa = PBXFileReference; fileEncoding = 4; lastKnownFileType = sourcecode.c.h; path = SGFocusImageFrame.h; sourceTree = "<group>"; };
		94CB5B721B74CC0600B23B9D /* SGFocusImageFrame.m */ = {isa = PBXFileReference; fileEncoding = 4; lastKnownFileType = sourcecode.c.objc; path = SGFocusImageFrame.m; sourceTree = "<group>"; };
		94CB5B731B74CC0600B23B9D /* SGFocusImageItem.h */ = {isa = PBXFileReference; fileEncoding = 4; lastKnownFileType = sourcecode.c.h; path = SGFocusImageItem.h; sourceTree = "<group>"; };
		94CB5B741B74CC0600B23B9D /* SGFocusImageItem.m */ = {isa = PBXFileReference; fileEncoding = 4; lastKnownFileType = sourcecode.c.objc; path = SGFocusImageItem.m; sourceTree = "<group>"; };
		94CB5B761B74CC0600B23B9D /* LICENSE */ = {isa = PBXFileReference; fileEncoding = 4; lastKnownFileType = text; path = LICENSE; sourceTree = "<group>"; };
		94CB5B771B74CC0600B23B9D /* readme.md */ = {isa = PBXFileReference; fileEncoding = 4; lastKnownFileType = net.daringfireball.markdown; path = readme.md; sourceTree = "<group>"; };
		94CB5B781B74CC0600B23B9D /* SMPageControl.h */ = {isa = PBXFileReference; fileEncoding = 4; lastKnownFileType = sourcecode.c.h; path = SMPageControl.h; sourceTree = "<group>"; };
		94CB5B791B74CC0600B23B9D /* SMPageControl.m */ = {isa = PBXFileReference; fileEncoding = 4; lastKnownFileType = sourcecode.c.objc; path = SMPageControl.m; sourceTree = "<group>"; };
		94CB5B8D1B74EF3900B23B9D /* HomeView.h */ = {isa = PBXFileReference; fileEncoding = 4; lastKnownFileType = sourcecode.c.h; path = HomeView.h; sourceTree = "<group>"; };
		94CB5B8E1B74EF3900B23B9D /* HomeView.m */ = {isa = PBXFileReference; fileEncoding = 4; lastKnownFileType = sourcecode.c.objc; path = HomeView.m; sourceTree = "<group>"; };
		94CB5B901B74F0D500B23B9D /* HomeViews.xib */ = {isa = PBXFileReference; fileEncoding = 4; lastKnownFileType = file.xib; path = HomeViews.xib; sourceTree = "<group>"; };
		94CB5B991B7632E800B23B9D /* TH_BaseVC.h */ = {isa = PBXFileReference; fileEncoding = 4; lastKnownFileType = sourcecode.c.h; path = TH_BaseVC.h; sourceTree = "<group>"; };
		94CB5B9A1B7632E800B23B9D /* TH_BaseVC.m */ = {isa = PBXFileReference; fileEncoding = 4; lastKnownFileType = sourcecode.c.objc; path = TH_BaseVC.m; sourceTree = "<group>"; };
		94CB5B9C1B76334000B23B9D /* TH_HomeVC.h */ = {isa = PBXFileReference; fileEncoding = 4; lastKnownFileType = sourcecode.c.h; name = TH_HomeVC.h; path = HomeViewS/TH_HomeVC.h; sourceTree = "<group>"; };
		94CB5B9D1B76334000B23B9D /* TH_HomeVC.m */ = {isa = PBXFileReference; fileEncoding = 4; lastKnownFileType = sourcecode.c.objc; name = TH_HomeVC.m; path = HomeViewS/TH_HomeVC.m; sourceTree = "<group>"; };
		94CB5B9F1B76342300B23B9D /* TH_SociallyVC.h */ = {isa = PBXFileReference; fileEncoding = 4; lastKnownFileType = sourcecode.c.h; path = TH_SociallyVC.h; sourceTree = "<group>"; };
		94CB5BA01B76342300B23B9D /* TH_SociallyVC.m */ = {isa = PBXFileReference; fileEncoding = 4; lastKnownFileType = sourcecode.c.objc; path = TH_SociallyVC.m; sourceTree = "<group>"; };
		94CB5BA21B76343E00B23B9D /* TH_ClassVC.h */ = {isa = PBXFileReference; fileEncoding = 4; lastKnownFileType = sourcecode.c.h; path = TH_ClassVC.h; sourceTree = "<group>"; };
		94CB5BA31B76343E00B23B9D /* TH_ClassVC.m */ = {isa = PBXFileReference; fileEncoding = 4; lastKnownFileType = sourcecode.c.objc; path = TH_ClassVC.m; sourceTree = "<group>"; };
		94CB5BA51B76345D00B23B9D /* TH_MineVC.h */ = {isa = PBXFileReference; fileEncoding = 4; lastKnownFileType = sourcecode.c.h; path = TH_MineVC.h; sourceTree = "<group>"; };
		94CB5BA61B76345D00B23B9D /* TH_MineVC.m */ = {isa = PBXFileReference; fileEncoding = 4; lastKnownFileType = sourcecode.c.objc; path = TH_MineVC.m; sourceTree = "<group>"; };
		94CB5BA91B763AAC00B23B9D /* TH_FindJobVC.h */ = {isa = PBXFileReference; fileEncoding = 4; lastKnownFileType = sourcecode.c.h; path = TH_FindJobVC.h; sourceTree = "<group>"; };
		94CB5BAA1B763AAC00B23B9D /* TH_FindJobVC.m */ = {isa = PBXFileReference; fileEncoding = 4; lastKnownFileType = sourcecode.c.objc; path = TH_FindJobVC.m; sourceTree = "<group>"; };
		94EAEAC11B78437A003C19DD /* TH_FindPracticeVC.h */ = {isa = PBXFileReference; fileEncoding = 4; lastKnownFileType = sourcecode.c.h; path = TH_FindPracticeVC.h; sourceTree = "<group>"; };
		94EAEAC21B78437A003C19DD /* TH_FindPracticeVC.m */ = {isa = PBXFileReference; fileEncoding = 4; lastKnownFileType = sourcecode.c.objc; path = TH_FindPracticeVC.m; sourceTree = "<group>"; };
		94EBEC6F1B786A1700764661 /* TH_JobDetailVC.h */ = {isa = PBXFileReference; fileEncoding = 4; lastKnownFileType = sourcecode.c.h; path = TH_JobDetailVC.h; sourceTree = "<group>"; };
		94EBEC701B786A1700764661 /* TH_JobDetailVC.m */ = {isa = PBXFileReference; fileEncoding = 4; lastKnownFileType = sourcecode.c.objc; path = TH_JobDetailVC.m; sourceTree = "<group>"; };
		94EBEC731B78710B00764661 /* JobDescriptionlView.h */ = {isa = PBXFileReference; fileEncoding = 4; lastKnownFileType = sourcecode.c.h; path = JobDescriptionlView.h; sourceTree = "<group>"; };
		94EBEC741B78710B00764661 /* JobDescriptionlView.m */ = {isa = PBXFileReference; fileEncoding = 4; lastKnownFileType = sourcecode.c.objc; path = JobDescriptionlView.m; sourceTree = "<group>"; };
		94EBEC761B78714600764661 /* JobDescription.xib */ = {isa = PBXFileReference; fileEncoding = 4; lastKnownFileType = file.xib; path = JobDescription.xib; sourceTree = "<group>"; };
		94EDD4DD1B78302E00A00A78 /* THCustomNavigationController.h */ = {isa = PBXFileReference; fileEncoding = 4; lastKnownFileType = sourcecode.c.h; path = THCustomNavigationController.h; sourceTree = "<group>"; };
		94EDD4DE1B78302E00A00A78 /* THCustomNavigationController.m */ = {isa = PBXFileReference; fileEncoding = 4; lastKnownFileType = sourcecode.c.objc; path = THCustomNavigationController.m; sourceTree = "<group>"; };
		94EDD4E21B78319A00A00A78 /* UIBarButtonItem+Extension.h */ = {isa = PBXFileReference; fileEncoding = 4; lastKnownFileType = sourcecode.c.h; path = "UIBarButtonItem+Extension.h"; sourceTree = "<group>"; };
		94EDD4E31B78319A00A00A78 /* UIBarButtonItem+Extension.m */ = {isa = PBXFileReference; fileEncoding = 4; lastKnownFileType = sourcecode.c.objc; path = "UIBarButtonItem+Extension.m"; sourceTree = "<group>"; };
		94EDD4E41B78319A00A00A78 /* UILabel+Extension.h */ = {isa = PBXFileReference; fileEncoding = 4; lastKnownFileType = sourcecode.c.h; path = "UILabel+Extension.h"; sourceTree = "<group>"; };
		94EDD4E51B78319A00A00A78 /* UILabel+Extension.m */ = {isa = PBXFileReference; fileEncoding = 4; lastKnownFileType = sourcecode.c.objc; path = "UILabel+Extension.m"; sourceTree = "<group>"; };
		94EDD4E61B78319A00A00A78 /* UIView+Extension.h */ = {isa = PBXFileReference; fileEncoding = 4; lastKnownFileType = sourcecode.c.h; path = "UIView+Extension.h"; sourceTree = "<group>"; };
		94EDD4E71B78319A00A00A78 /* UIView+Extension.m */ = {isa = PBXFileReference; fileEncoding = 4; lastKnownFileType = sourcecode.c.objc; path = "UIView+Extension.m"; sourceTree = "<group>"; };
		94EDD4EC1B7831BB00A00A78 /* ZXButton.h */ = {isa = PBXFileReference; fileEncoding = 4; lastKnownFileType = sourcecode.c.h; path = ZXButton.h; sourceTree = "<group>"; };
		94EDD4ED1B7831BB00A00A78 /* ZXButton.m */ = {isa = PBXFileReference; fileEncoding = 4; lastKnownFileType = sourcecode.c.objc; path = ZXButton.m; sourceTree = "<group>"; };
		94EDD4EE1B7831BB00A00A78 /* ZXLabel.h */ = {isa = PBXFileReference; fileEncoding = 4; lastKnownFileType = sourcecode.c.h; path = ZXLabel.h; sourceTree = "<group>"; };
		94EDD4EF1B7831BB00A00A78 /* ZXLabel.m */ = {isa = PBXFileReference; fileEncoding = 4; lastKnownFileType = sourcecode.c.objc; path = ZXLabel.m; sourceTree = "<group>"; };
		94EDD4F21B7831DA00A00A78 /* ZXImagePickerVC.h */ = {isa = PBXFileReference; fileEncoding = 4; lastKnownFileType = sourcecode.c.h; path = ZXImagePickerVC.h; sourceTree = "<group>"; };
		94EDD4F31B7831DA00A00A78 /* ZXImagePickerVC.m */ = {isa = PBXFileReference; fileEncoding = 4; lastKnownFileType = sourcecode.c.objc; path = ZXImagePickerVC.m; sourceTree = "<group>"; };
		94EDD4F61B783FA700A00A78 /* TH_FindPartTimeVC.h */ = {isa = PBXFileReference; fileEncoding = 4; lastKnownFileType = sourcecode.c.h; path = TH_FindPartTimeVC.h; sourceTree = "<group>"; };
		94EDD4F71B783FA700A00A78 /* TH_FindPartTimeVC.m */ = {isa = PBXFileReference; fileEncoding = 4; lastKnownFileType = sourcecode.c.objc; path = TH_FindPartTimeVC.m; sourceTree = "<group>"; };
		A209E6A9E258BA344FA95EF1 /* Pods.debug.xcconfig */ = {isa = PBXFileReference; includeInIndex = 1; lastKnownFileType = text.xcconfig; name = Pods.debug.xcconfig; path = "Pods/Target Support Files/Pods/Pods.debug.xcconfig"; sourceTree = "<group>"; };
/* End PBXFileReference section */

/* Begin PBXFrameworksBuildPhase section */
		0416502E1B4D7141008C78BE /* Frameworks */ = {
			isa = PBXFrameworksBuildPhase;
			buildActionMask = 2147483647;
			files = (
				CA3D16A93CCBDD012A68A6C9 /* libPods.a in Frameworks */,
			);
			runOnlyForDeploymentPostprocessing = 0;
		};
		041650471B4D7142008C78BE /* Frameworks */ = {
			isa = PBXFrameworksBuildPhase;
			buildActionMask = 2147483647;
			files = (
			);
			runOnlyForDeploymentPostprocessing = 0;
		};
/* End PBXFrameworksBuildPhase section */

/* Begin PBXGroup section */
		0237599393BF78A52DFB0C38 /* Frameworks */ = {
			isa = PBXGroup;
			children = (
				37454D869BE49FA62A71A04C /* libPods.a */,
			);
			name = Frameworks;
			sourceTree = "<group>";
		};
		041650281B4D7141008C78BE = {
			isa = PBXGroup;
			children = (
				041650331B4D7141008C78BE /* EggShell */,
				0416504D1B4D7142008C78BE /* EggShellTests */,
				041650321B4D7141008C78BE /* Products */,
				B3CC7EB400379DA8CBAEF017 /* Pods */,
				0237599393BF78A52DFB0C38 /* Frameworks */,
			);
			sourceTree = "<group>";
		};
		041650321B4D7141008C78BE /* Products */ = {
			isa = PBXGroup;
			children = (
				041650311B4D7141008C78BE /* EggShell.app */,
				0416504A1B4D7142008C78BE /* EggShellTests.xctest */,
			);
			name = Products;
			sourceTree = "<group>";
		};
		041650331B4D7141008C78BE /* EggShell */ = {
			isa = PBXGroup;
			children = (
				04A483D81B78AE00006FDB9D /* Views */,
				041650DC1B4D7718008C78BE /* NetWork */,
				04A483B11B74FCE2006FDB9D /* ViewControllers */,
				041650381B4D7141008C78BE /* AppDelegate.h */,
				041650391B4D7141008C78BE /* AppDelegate.m */,
				94CB5B921B758F0700B23B9D /* Mian */,
				041650411B4D7142008C78BE /* Images.xcassets */,
				041650431B4D7142008C78BE /* LaunchScreen.xib */,
				041650341B4D7141008C78BE /* Supporting Files */,
			);
			path = EggShell;
			sourceTree = "<group>";
		};
		041650341B4D7141008C78BE /* Supporting Files */ = {
			isa = PBXGroup;
			children = (
				041650351B4D7141008C78BE /* Info.plist */,
				041650361B4D7141008C78BE /* main.m */,
				041650F01B4D7F19008C78BE /* PrefixHeader.pch */,
			);
			name = "Supporting Files";
			sourceTree = "<group>";
		};
		0416504D1B4D7142008C78BE /* EggShellTests */ = {
			isa = PBXGroup;
			children = (
				041650501B4D7142008C78BE /* EggShellTests.m */,
				0416504E1B4D7142008C78BE /* Supporting Files */,
			);
			path = EggShellTests;
			sourceTree = "<group>";
		};
		0416504E1B4D7142008C78BE /* Supporting Files */ = {
			isa = PBXGroup;
			children = (
				0416504F1B4D7142008C78BE /* Info.plist */,
			);
			name = "Supporting Files";
			sourceTree = "<group>";
		};
		0416505A1B4D71D4008C78BE /* 3rd */ = {
			isa = PBXGroup;
			children = (
				94CB5B531B74CBBE00B23B9D /* libs */,
				041650E01B4D7C4E008C78BE /* MJRefresh */,
				041650A31B4D730F008C78BE /* MBProgressHUD */,
				0416505B1B4D7240008C78BE /* Gson */,
			);
			name = 3rd;
			path = ../../3rd;
			sourceTree = "<group>";
		};
		0416505B1B4D7240008C78BE /* Gson */ = {
			isa = PBXGroup;
			children = (
				0416505C1B4D7240008C78BE /* Expose.h */,
				0416505D1B4D7240008C78BE /* GAdapter.h */,
				0416505E1B4D7240008C78BE /* GAdapter.m */,
				0416505F1B4D7240008C78BE /* GArrayAdapter.h */,
				041650601B4D7240008C78BE /* GArrayAdapter.m */,
				041650611B4D7240008C78BE /* GObjAdapter.h */,
				041650621B4D7240008C78BE /* GObjAdapter.m */,
				041650631B4D7240008C78BE /* Gson.h */,
				041650641B4D7240008C78BE /* Gson.m */,
				041650651B4D7240008C78BE /* GVarAdapter.h */,
				041650661B4D7240008C78BE /* GVarAdapter.m */,
			);
			path = Gson;
			sourceTree = "<group>";
		};
		041650A31B4D730F008C78BE /* MBProgressHUD */ = {
			isa = PBXGroup;
			children = (
				041650A41B4D730F008C78BE /* MBProgressHUD+Show.h */,
				041650A51B4D730F008C78BE /* MBProgressHUD+Show.m */,
				041650A61B4D730F008C78BE /* MBProgressHUD.h */,
				041650A71B4D730F008C78BE /* MBProgressHUD.m */,
			);
			path = MBProgressHUD;
			sourceTree = "<group>";
		};
		041650DC1B4D7718008C78BE /* NetWork */ = {
			isa = PBXGroup;
			children = (
				041650DD1B4D795B008C78BE /* AFAppRequest.h */,
				041650DE1B4D795B008C78BE /* AFAppRequest.m */,
				04237D8F1B66456F00768FAD /* LoginAndRegisterRequest.m */,
				04237D8E1B66456F00768FAD /* LoginAndRegisterRequest.h */,
			);
			path = NetWork;
			sourceTree = "<group>";
		};
		041650E01B4D7C4E008C78BE /* MJRefresh */ = {
			isa = PBXGroup;
			children = (
				041650E11B4D7C4E008C78BE /* MJRefresh.bundle */,
				041650E21B4D7C4E008C78BE /* MJRefresh.h */,
				041650E31B4D7C4E008C78BE /* MJRefreshBaseView.h */,
				041650E41B4D7C4E008C78BE /* MJRefreshBaseView.m */,
				041650E51B4D7C4E008C78BE /* MJRefreshConst.h */,
				041650E61B4D7C4E008C78BE /* MJRefreshConst.m */,
				041650E71B4D7C4E008C78BE /* MJRefreshFooterView.h */,
				041650E81B4D7C4E008C78BE /* MJRefreshFooterView.m */,
				041650E91B4D7C4E008C78BE /* MJRefreshHeaderView.h */,
				041650EA1B4D7C4E008C78BE /* MJRefreshHeaderView.m */,
			);
			path = MJRefresh;
			sourceTree = "<group>";
		};
		04A483B11B74FCE2006FDB9D /* ViewControllers */ = {
			isa = PBXGroup;
			children = (
				04A483C71B74FDF5006FDB9D /* Mine */,
				04A483C11B74FDCE006FDB9D /* OpenClass */,
				04A483BB1B74FD99006FDB9D /* Activity */,
				04A483B51B74FD4D006FDB9D /* Home */,
			);
			path = ViewControllers;
			sourceTree = "<group>";
		};
		04A483B51B74FD4D006FDB9D /* Home */ = {
			isa = PBXGroup;
			children = (
				94CB5B9C1B76334000B23B9D /* TH_HomeVC.h */,
				94CB5B9D1B76334000B23B9D /* TH_HomeVC.m */,
				94EAEAC01B784347003C19DD /* FindPractice */,
				94EDD4F51B783F7800A00A78 /* FindPartTime */,
				94CB5BA81B763A8100B23B9D /* FindJob */,
				94CB5B8C1B74EF1800B23B9D /* HomeView */,
			);
			name = Home;
			path = Main;
			sourceTree = "<group>";
		};
		04A483BB1B74FD99006FDB9D /* Activity */ = {
			isa = PBXGroup;
			children = (
				94CB5B9F1B76342300B23B9D /* TH_SociallyVC.h */,
				94CB5BA01B76342300B23B9D /* TH_SociallyVC.m */,
			);
			path = Activity;
			sourceTree = "<group>";
		};
		04A483C11B74FDCE006FDB9D /* OpenClass */ = {
			isa = PBXGroup;
			children = (
				94CB5BA21B76343E00B23B9D /* TH_ClassVC.h */,
				94CB5BA31B76343E00B23B9D /* TH_ClassVC.m */,
			);
			name = OpenClass;
			path = Class;
			sourceTree = "<group>";
		};
		04A483C71B74FDF5006FDB9D /* Mine */ = {
			isa = PBXGroup;
			children = (
				94CB5BA51B76345D00B23B9D /* TH_MineVC.h */,
				94CB5BA61B76345D00B23B9D /* TH_MineVC.m */,
			);
			path = Mine;
			sourceTree = "<group>";
		};
		04A483D41B751E5D006FDB9D /* tool */ = {
			isa = PBXGroup;
			children = (
				04A483D51B751E77006FDB9D /* Utils.h */,
				04A483D61B751E77006FDB9D /* Utils.m */,
			);
			name = tool;
			path = ../../tool;
			sourceTree = "<group>";
		};
		04A483D81B78AE00006FDB9D /* Views */ = {
			isa = PBXGroup;
			children = (
				04A483DD1B78AE91006FDB9D /* OpenClass */,
				04A483DC1B78AE77006FDB9D /* Mine */,
				04A483DB1B78AE4C006FDB9D /* Activity */,
				04A483D91B78AE19006FDB9D /* Home */,
			);
			path = Views;
			sourceTree = "<group>";
		};
		04A483D91B78AE19006FDB9D /* Home */ = {
			isa = PBXGroup;
			children = (
				04A483DE1B78AEB9006FDB9D /* SearchView.h */,
				04A483DF1B78AEB9006FDB9D /* SearchView.m */,
				04A483E31B78AF01006FDB9D /* SearchView.xib */,
			);
			path = Home;
			sourceTree = "<group>";
		};
		04A483DB1B78AE4C006FDB9D /* Activity */ = {
			isa = PBXGroup;
			children = (
			);
			path = Activity;
			sourceTree = "<group>";
		};
		04A483DC1B78AE77006FDB9D /* Mine */ = {
			isa = PBXGroup;
			children = (
			);
			path = Mine;
			sourceTree = "<group>";
		};
		04A483DD1B78AE91006FDB9D /* OpenClass */ = {
			isa = PBXGroup;
			children = (
			);
			path = OpenClass;
			sourceTree = "<group>";
		};
		94CB5B531B74CBBE00B23B9D /* libs */ = {
			isa = PBXGroup;
			children = (
				94CB5B541B74CC0600B23B9D /* BannerView */,
			);
			path = libs;
			sourceTree = "<group>";
		};
		94CB5B541B74CC0600B23B9D /* BannerView */ = {
			isa = PBXGroup;
			children = (
				94CB5B551B74CC0600B23B9D /* BaseModel.h */,
				94CB5B561B74CC0600B23B9D /* BaseModel.m */,
				94CB5B571B74CC0600B23B9D /* HomePageModel.h */,
				94CB5B581B74CC0600B23B9D /* HomePageModel.m */,
				94CB5B591B74CC0600B23B9D /* MJExtension */,
				94CB5B711B74CC0600B23B9D /* SGFocusImageFrame.h */,
				94CB5B721B74CC0600B23B9D /* SGFocusImageFrame.m */,
				94CB5B731B74CC0600B23B9D /* SGFocusImageItem.h */,
				94CB5B741B74CC0600B23B9D /* SGFocusImageItem.m */,
				94CB5B751B74CC0600B23B9D /* SMPageControl */,
			);
			path = BannerView;
			sourceTree = "<group>";
		};
		94CB5B591B74CC0600B23B9D /* MJExtension */ = {
			isa = PBXGroup;
			children = (
				94CB5B5A1B74CC0600B23B9D /* MJArgument.h */,
				94CB5B5B1B74CC0600B23B9D /* MJArgument.m */,
				94CB5B5C1B74CC0600B23B9D /* MJConst.h */,
				94CB5B5D1B74CC0600B23B9D /* MJConst.m */,
				94CB5B5E1B74CC0600B23B9D /* MJExtension.h */,
				94CB5B5F1B74CC0600B23B9D /* MJFoundation.h */,
				94CB5B601B74CC0600B23B9D /* MJFoundation.m */,
				94CB5B611B74CC0600B23B9D /* MJIvar.h */,
				94CB5B621B74CC0600B23B9D /* MJIvar.m */,
				94CB5B631B74CC0600B23B9D /* MJMember.h */,
				94CB5B641B74CC0600B23B9D /* MJMember.m */,
				94CB5B651B74CC0600B23B9D /* MJMethod.h */,
				94CB5B661B74CC0600B23B9D /* MJMethod.m */,
				94CB5B671B74CC0600B23B9D /* MJType.h */,
				94CB5B681B74CC0600B23B9D /* MJType.m */,
				94CB5B691B74CC0600B23B9D /* MJTypeEncoding.h */,
				94CB5B6A1B74CC0600B23B9D /* MJTypeEncoding.m */,
				94CB5B6B1B74CC0600B23B9D /* NSObject+MJCoding.h */,
				94CB5B6C1B74CC0600B23B9D /* NSObject+MJCoding.m */,
				94CB5B6D1B74CC0600B23B9D /* NSObject+MJKeyValue.h */,
				94CB5B6E1B74CC0600B23B9D /* NSObject+MJKeyValue.m */,
				94CB5B6F1B74CC0600B23B9D /* NSObject+MJMember.h */,
				94CB5B701B74CC0600B23B9D /* NSObject+MJMember.m */,
			);
			path = MJExtension;
			sourceTree = "<group>";
		};
		94CB5B751B74CC0600B23B9D /* SMPageControl */ = {
			isa = PBXGroup;
			children = (
				94CB5B761B74CC0600B23B9D /* LICENSE */,
				94CB5B771B74CC0600B23B9D /* readme.md */,
				94CB5B781B74CC0600B23B9D /* SMPageControl.h */,
				94CB5B791B74CC0600B23B9D /* SMPageControl.m */,
			);
			path = SMPageControl;
			sourceTree = "<group>";
		};
		94CB5B8C1B74EF1800B23B9D /* HomeView */ = {
			isa = PBXGroup;
			children = (
				94CB5B8D1B74EF3900B23B9D /* HomeView.h */,
				94CB5B8E1B74EF3900B23B9D /* HomeView.m */,
				94CB5B901B74F0D500B23B9D /* HomeViews.xib */,
			);
			name = HomeView;
			path = HomeViewS;
			sourceTree = "<group>";
		};
		94CB5B921B758F0700B23B9D /* Mian */ = {
			isa = PBXGroup;
			children = (
				94EDD4E01B78310900A00A78 /* CustomController */,
				0416505A1B4D71D4008C78BE /* 3rd */,
				94CB5B981B761F9A00B23B9D /* BaseController */,
				04A483D41B751E5D006FDB9D /* tool */,
			);
			name = Mian;
			path = NetWork/Mian;
			sourceTree = "<group>";
		};
		94CB5B981B761F9A00B23B9D /* BaseController */ = {
			isa = PBXGroup;
			children = (
				04A483B31B74FD1B006FDB9D /* TH_MainTabBarController.m */,
				04A483B21B74FD1B006FDB9D /* TH_MainTabBarController.h */,
				94CB5B991B7632E800B23B9D /* TH_BaseVC.h */,
				94CB5B9A1B7632E800B23B9D /* TH_BaseVC.m */,
				94EDD4F21B7831DA00A00A78 /* ZXImagePickerVC.h */,
				94EDD4F31B7831DA00A00A78 /* ZXImagePickerVC.m */,
				94EDD4DD1B78302E00A00A78 /* THCustomNavigationController.h */,
				94EDD4DE1B78302E00A00A78 /* THCustomNavigationController.m */,
			);
			path = BaseController;
			sourceTree = "<group>";
		};
		94CB5BA81B763A8100B23B9D /* FindJob */ = {
			isa = PBXGroup;
			children = (
				94EBEC6E1B786A0100764661 /* JobDetails */,
				94CB5BA91B763AAC00B23B9D /* TH_FindJobVC.h */,
				94CB5BAA1B763AAC00B23B9D /* TH_FindJobVC.m */,
			);
			path = FindJob;
			sourceTree = "<group>";
		};
		94EAEAC01B784347003C19DD /* FindPractice */ = {
			isa = PBXGroup;
			children = (
				94EAEAC11B78437A003C19DD /* TH_FindPracticeVC.h */,
				94EAEAC21B78437A003C19DD /* TH_FindPracticeVC.m */,
			);
			path = FindPractice;
			sourceTree = "<group>";
		};
		94EBEC6E1B786A0100764661 /* JobDetails */ = {
			isa = PBXGroup;
			children = (
				94EBEC721B78707700764661 /* JobDetailView */,
				94EBEC6F1B786A1700764661 /* TH_JobDetailVC.h */,
				94EBEC701B786A1700764661 /* TH_JobDetailVC.m */,
			);
			path = JobDetails;
			sourceTree = "<group>";
		};
		94EBEC721B78707700764661 /* JobDetailView */ = {
			isa = PBXGroup;
			children = (
				94EBEC731B78710B00764661 /* JobDescriptionlView.h */,
				94EBEC761B78714600764661 /* JobDescription.xib */,
				94EBEC741B78710B00764661 /* JobDescriptionlView.m */,
			);
			path = JobDetailView;
			sourceTree = "<group>";
		};
		94EDD4E01B78310900A00A78 /* CustomController */ = {
			isa = PBXGroup;
			children = (
				94EDD4EB1B7831BB00A00A78 /* CustomView */,
				94EDD4E11B78319A00A00A78 /* Extension */,
			);
			path = CustomController;
			sourceTree = "<group>";
		};
		94EDD4E11B78319A00A00A78 /* Extension */ = {
			isa = PBXGroup;
			children = (
				94EDD4E21B78319A00A00A78 /* UIBarButtonItem+Extension.h */,
				94EDD4E31B78319A00A00A78 /* UIBarButtonItem+Extension.m */,
				94EDD4E41B78319A00A00A78 /* UILabel+Extension.h */,
				94EDD4E51B78319A00A00A78 /* UILabel+Extension.m */,
				94EDD4E61B78319A00A00A78 /* UIView+Extension.h */,
				94EDD4E71B78319A00A00A78 /* UIView+Extension.m */,
			);
			name = Extension;
			path = ../Extension;
			sourceTree = "<group>";
		};
		94EDD4EB1B7831BB00A00A78 /* CustomView */ = {
			isa = PBXGroup;
			children = (
				94EDD4EC1B7831BB00A00A78 /* ZXButton.h */,
				94EDD4ED1B7831BB00A00A78 /* ZXButton.m */,
				94EDD4EE1B7831BB00A00A78 /* ZXLabel.h */,
				94EDD4EF1B7831BB00A00A78 /* ZXLabel.m */,
			);
			path = CustomView;
			sourceTree = "<group>";
		};
		94EDD4F51B783F7800A00A78 /* FindPartTime */ = {
			isa = PBXGroup;
			children = (
				94EDD4F61B783FA700A00A78 /* TH_FindPartTimeVC.h */,
				94EDD4F71B783FA700A00A78 /* TH_FindPartTimeVC.m */,
			);
			path = FindPartTime;
			sourceTree = "<group>";
		};
		B3CC7EB400379DA8CBAEF017 /* Pods */ = {
			isa = PBXGroup;
			children = (
				A209E6A9E258BA344FA95EF1 /* Pods.debug.xcconfig */,
				52C8CB3344C41F9F3DBAC076 /* Pods.release.xcconfig */,
			);
			name = Pods;
			sourceTree = "<group>";
		};
/* End PBXGroup section */

/* Begin PBXNativeTarget section */
		041650301B4D7141008C78BE /* EggShell */ = {
			isa = PBXNativeTarget;
			buildConfigurationList = 041650541B4D7142008C78BE /* Build configuration list for PBXNativeTarget "EggShell" */;
			buildPhases = (
				AA57DFE565F0E83AC4450445 /* Check Pods Manifest.lock */,
				0416502D1B4D7141008C78BE /* Sources */,
				0416502E1B4D7141008C78BE /* Frameworks */,
				0416502F1B4D7141008C78BE /* Resources */,
				DE44DA92B598BC209219D7BE /* Copy Pods Resources */,
			);
			buildRules = (
			);
			dependencies = (
			);
			name = EggShell;
			productName = EggShell;
			productReference = 041650311B4D7141008C78BE /* EggShell.app */;
			productType = "com.apple.product-type.application";
		};
		041650491B4D7142008C78BE /* EggShellTests */ = {
			isa = PBXNativeTarget;
			buildConfigurationList = 041650571B4D7142008C78BE /* Build configuration list for PBXNativeTarget "EggShellTests" */;
			buildPhases = (
				041650461B4D7142008C78BE /* Sources */,
				041650471B4D7142008C78BE /* Frameworks */,
				041650481B4D7142008C78BE /* Resources */,
			);
			buildRules = (
			);
			dependencies = (
				0416504C1B4D7142008C78BE /* PBXTargetDependency */,
			);
			name = EggShellTests;
			productName = EggShellTests;
			productReference = 0416504A1B4D7142008C78BE /* EggShellTests.xctest */;
			productType = "com.apple.product-type.bundle.unit-test";
		};
/* End PBXNativeTarget section */

/* Begin PBXProject section */
		041650291B4D7141008C78BE /* Project object */ = {
			isa = PBXProject;
			attributes = {
				LastUpgradeCheck = 0610;
				ORGANIZATIONNAME = wsd;
				TargetAttributes = {
					041650301B4D7141008C78BE = {
						CreatedOnToolsVersion = 6.1.1;
					};
					041650491B4D7142008C78BE = {
						CreatedOnToolsVersion = 6.1.1;
						TestTargetID = 041650301B4D7141008C78BE;
					};
				};
			};
			buildConfigurationList = 0416502C1B4D7141008C78BE /* Build configuration list for PBXProject "EggShell" */;
			compatibilityVersion = "Xcode 3.2";
			developmentRegion = English;
			hasScannedForEncodings = 0;
			knownRegions = (
				en,
				Base,
			);
			mainGroup = 041650281B4D7141008C78BE;
			productRefGroup = 041650321B4D7141008C78BE /* Products */;
			projectDirPath = "";
			projectRoot = "";
			targets = (
				041650301B4D7141008C78BE /* EggShell */,
				041650491B4D7142008C78BE /* EggShellTests */,
			);
		};
/* End PBXProject section */

/* Begin PBXResourcesBuildPhase section */
		0416502F1B4D7141008C78BE /* Resources */ = {
			isa = PBXResourcesBuildPhase;
			buildActionMask = 2147483647;
			files = (
				041650451B4D7142008C78BE /* LaunchScreen.xib in Resources */,
				94CB5B911B74F0D500B23B9D /* HomeViews.xib in Resources */,

				04A483E41B78AF01006FDB9D /* SearchView.xib in Resources */,

				94EBEC771B78714600764661 /* JobDescription.xib in Resources */,

				94CB5B891B74CC0600B23B9D /* LICENSE in Resources */,
				041650421B4D7142008C78BE /* Images.xcassets in Resources */,
				041650EB1B4D7C4E008C78BE /* MJRefresh.bundle in Resources */,
			);
			runOnlyForDeploymentPostprocessing = 0;
		};
		041650481B4D7142008C78BE /* Resources */ = {
			isa = PBXResourcesBuildPhase;
			buildActionMask = 2147483647;
			files = (
			);
			runOnlyForDeploymentPostprocessing = 0;
		};
/* End PBXResourcesBuildPhase section */

/* Begin PBXShellScriptBuildPhase section */
		AA57DFE565F0E83AC4450445 /* Check Pods Manifest.lock */ = {
			isa = PBXShellScriptBuildPhase;
			buildActionMask = 2147483647;
			files = (
			);
			inputPaths = (
			);
			name = "Check Pods Manifest.lock";
			outputPaths = (
			);
			runOnlyForDeploymentPostprocessing = 0;
			shellPath = /bin/sh;
			shellScript = "diff \"${PODS_ROOT}/../Podfile.lock\" \"${PODS_ROOT}/Manifest.lock\" > /dev/null\nif [[ $? != 0 ]] ; then\n    cat << EOM\nerror: The sandbox is not in sync with the Podfile.lock. Run 'pod install' or update your CocoaPods installation.\nEOM\n    exit 1\nfi\n";
			showEnvVarsInLog = 0;
		};
		DE44DA92B598BC209219D7BE /* Copy Pods Resources */ = {
			isa = PBXShellScriptBuildPhase;
			buildActionMask = 2147483647;
			files = (
			);
			inputPaths = (
			);
			name = "Copy Pods Resources";
			outputPaths = (
			);
			runOnlyForDeploymentPostprocessing = 0;
			shellPath = /bin/sh;
			shellScript = "\"${SRCROOT}/Pods/Target Support Files/Pods/Pods-resources.sh\"\n";
			showEnvVarsInLog = 0;
		};
/* End PBXShellScriptBuildPhase section */

/* Begin PBXSourcesBuildPhase section */
		0416502D1B4D7141008C78BE /* Sources */ = {
			isa = PBXSourcesBuildPhase;
			buildActionMask = 2147483647;
			files = (
				94EDD4EA1B78319A00A00A78 /* UIView+Extension.m in Sources */,
				94CB5B801B74CC0600B23B9D /* MJMember.m in Sources */,
				94CB5B821B74CC0600B23B9D /* MJType.m in Sources */,
				041650EE1B4D7C4E008C78BE /* MJRefreshFooterView.m in Sources */,
				94CB5B7B1B74CC0600B23B9D /* HomePageModel.m in Sources */,
				04A483D71B751E77006FDB9D /* Utils.m in Sources */,
				94CB5B8B1B74CC0600B23B9D /* SMPageControl.m in Sources */,
				94EDD4E81B78319A00A00A78 /* UIBarButtonItem+Extension.m in Sources */,
				94EDD4F41B7831DA00A00A78 /* ZXImagePickerVC.m in Sources */,
				94CB5B7E1B74CC0600B23B9D /* MJFoundation.m in Sources */,
				94CB5B9E1B76334000B23B9D /* TH_HomeVC.m in Sources */,
				041650CA1B4D730F008C78BE /* MBProgressHUD+Show.m in Sources */,
				041650DF1B4D795B008C78BE /* AFAppRequest.m in Sources */,
				0416506B1B4D7240008C78BE /* GVarAdapter.m in Sources */,
				94CB5B831B74CC0600B23B9D /* MJTypeEncoding.m in Sources */,
				94CB5BA41B76343E00B23B9D /* TH_ClassVC.m in Sources */,
				041650691B4D7240008C78BE /* GObjAdapter.m in Sources */,
				041650CB1B4D730F008C78BE /* MBProgressHUD.m in Sources */,
				041650671B4D7240008C78BE /* GAdapter.m in Sources */,
				94CB5B7C1B74CC0600B23B9D /* MJArgument.m in Sources */,
				94EAEAC31B78437A003C19DD /* TH_FindPracticeVC.m in Sources */,
				94CB5B8F1B74EF3900B23B9D /* HomeView.m in Sources */,
				94CB5BA71B76345D00B23B9D /* TH_MineVC.m in Sources */,
				94EDD4F01B7831BB00A00A78 /* ZXButton.m in Sources */,
				94CB5B7D1B74CC0600B23B9D /* MJConst.m in Sources */,
				04A483E01B78AEB9006FDB9D /* SearchView.m in Sources */,
				94CB5B881B74CC0600B23B9D /* SGFocusImageItem.m in Sources */,
				94EBEC751B78710B00764661 /* JobDescriptionlView.m in Sources */,
				94CB5B841B74CC0600B23B9D /* NSObject+MJCoding.m in Sources */,
				94CB5BAB1B763AAC00B23B9D /* TH_FindJobVC.m in Sources */,
				0416503A1B4D7141008C78BE /* AppDelegate.m in Sources */,
				041650371B4D7141008C78BE /* main.m in Sources */,
				94CB5B7F1B74CC0600B23B9D /* MJIvar.m in Sources */,
				041650ED1B4D7C4E008C78BE /* MJRefreshConst.m in Sources */,
				04237D901B66456F00768FAD /* LoginAndRegisterRequest.m in Sources */,
				0416506A1B4D7240008C78BE /* Gson.m in Sources */,
				94CB5B851B74CC0600B23B9D /* NSObject+MJKeyValue.m in Sources */,
				94EBEC711B786A1700764661 /* TH_JobDetailVC.m in Sources */,
				94CB5B8A1B74CC0600B23B9D /* readme.md in Sources */,
				94EDD4F11B7831BB00A00A78 /* ZXLabel.m in Sources */,
				94EDD4E91B78319A00A00A78 /* UILabel+Extension.m in Sources */,
				94CB5B861B74CC0600B23B9D /* NSObject+MJMember.m in Sources */,
				94EDD4F81B783FA700A00A78 /* TH_FindPartTimeVC.m in Sources */,
				94EDD4DF1B78302E00A00A78 /* THCustomNavigationController.m in Sources */,
				94CB5B811B74CC0600B23B9D /* MJMethod.m in Sources */,
				94CB5BA11B76342300B23B9D /* TH_SociallyVC.m in Sources */,
				041650EC1B4D7C4E008C78BE /* MJRefreshBaseView.m in Sources */,
				94CB5B871B74CC0600B23B9D /* SGFocusImageFrame.m in Sources */,
				041650EF1B4D7C4E008C78BE /* MJRefreshHeaderView.m in Sources */,
				04A483B41B74FD1B006FDB9D /* TH_MainTabBarController.m in Sources */,
				94CB5B9B1B7632E800B23B9D /* TH_BaseVC.m in Sources */,
				94CB5B7A1B74CC0600B23B9D /* BaseModel.m in Sources */,
				041650681B4D7240008C78BE /* GArrayAdapter.m in Sources */,
			);
			runOnlyForDeploymentPostprocessing = 0;
		};
		041650461B4D7142008C78BE /* Sources */ = {
			isa = PBXSourcesBuildPhase;
			buildActionMask = 2147483647;
			files = (
				041650511B4D7142008C78BE /* EggShellTests.m in Sources */,
			);
			runOnlyForDeploymentPostprocessing = 0;
		};
/* End PBXSourcesBuildPhase section */

/* Begin PBXTargetDependency section */
		0416504C1B4D7142008C78BE /* PBXTargetDependency */ = {
			isa = PBXTargetDependency;
			target = 041650301B4D7141008C78BE /* EggShell */;
			targetProxy = 0416504B1B4D7142008C78BE /* PBXContainerItemProxy */;
		};
/* End PBXTargetDependency section */

/* Begin PBXVariantGroup section */
		041650431B4D7142008C78BE /* LaunchScreen.xib */ = {
			isa = PBXVariantGroup;
			children = (
				041650441B4D7142008C78BE /* Base */,
			);
			name = LaunchScreen.xib;
			sourceTree = "<group>";
		};
/* End PBXVariantGroup section */

/* Begin XCBuildConfiguration section */
		041650521B4D7142008C78BE /* Debug */ = {
			isa = XCBuildConfiguration;
			buildSettings = {
				ALWAYS_SEARCH_USER_PATHS = NO;
				CLANG_CXX_LANGUAGE_STANDARD = "gnu++0x";
				CLANG_CXX_LIBRARY = "libc++";
				CLANG_ENABLE_MODULES = YES;
				CLANG_ENABLE_OBJC_ARC = YES;
				CLANG_WARN_BOOL_CONVERSION = YES;
				CLANG_WARN_CONSTANT_CONVERSION = YES;
				CLANG_WARN_DIRECT_OBJC_ISA_USAGE = YES_ERROR;
				CLANG_WARN_EMPTY_BODY = YES;
				CLANG_WARN_ENUM_CONVERSION = YES;
				CLANG_WARN_INT_CONVERSION = YES;
				CLANG_WARN_OBJC_ROOT_CLASS = YES_ERROR;
				CLANG_WARN_UNREACHABLE_CODE = YES;
				CLANG_WARN__DUPLICATE_METHOD_MATCH = YES;
				CODE_SIGN_IDENTITY = "iPhone Developer: Song xie (ZY7745VUT5)";
				"CODE_SIGN_IDENTITY[sdk=iphoneos*]" = "iPhone Developer: Song xie (ZY7745VUT5)";
				COPY_PHASE_STRIP = NO;
				ENABLE_STRICT_OBJC_MSGSEND = YES;
				GCC_C_LANGUAGE_STANDARD = gnu99;
				GCC_DYNAMIC_NO_PIC = NO;
				GCC_OPTIMIZATION_LEVEL = 0;
				GCC_PREPROCESSOR_DEFINITIONS = (
					"DEBUG=1",
					"$(inherited)",
				);
				GCC_SYMBOLS_PRIVATE_EXTERN = NO;
				GCC_WARN_64_TO_32_BIT_CONVERSION = YES;
				GCC_WARN_ABOUT_RETURN_TYPE = YES_ERROR;
				GCC_WARN_UNDECLARED_SELECTOR = YES;
				GCC_WARN_UNINITIALIZED_AUTOS = YES_AGGRESSIVE;
				GCC_WARN_UNUSED_FUNCTION = YES;
				GCC_WARN_UNUSED_VARIABLE = YES;
				IPHONEOS_DEPLOYMENT_TARGET = 8.1;
				MTL_ENABLE_DEBUG_INFO = YES;
				ONLY_ACTIVE_ARCH = YES;
				SDKROOT = iphoneos;
			};
			name = Debug;
		};
		041650531B4D7142008C78BE /* Release */ = {
			isa = XCBuildConfiguration;
			buildSettings = {
				ALWAYS_SEARCH_USER_PATHS = NO;
				CLANG_CXX_LANGUAGE_STANDARD = "gnu++0x";
				CLANG_CXX_LIBRARY = "libc++";
				CLANG_ENABLE_MODULES = YES;
				CLANG_ENABLE_OBJC_ARC = YES;
				CLANG_WARN_BOOL_CONVERSION = YES;
				CLANG_WARN_CONSTANT_CONVERSION = YES;
				CLANG_WARN_DIRECT_OBJC_ISA_USAGE = YES_ERROR;
				CLANG_WARN_EMPTY_BODY = YES;
				CLANG_WARN_ENUM_CONVERSION = YES;
				CLANG_WARN_INT_CONVERSION = YES;
				CLANG_WARN_OBJC_ROOT_CLASS = YES_ERROR;
				CLANG_WARN_UNREACHABLE_CODE = YES;
				CLANG_WARN__DUPLICATE_METHOD_MATCH = YES;
				CODE_SIGN_IDENTITY = "iPhone Developer: Song xie (ZY7745VUT5)";
				"CODE_SIGN_IDENTITY[sdk=iphoneos*]" = "iPhone Developer: Song xie (ZY7745VUT5)";
				COPY_PHASE_STRIP = YES;
				ENABLE_NS_ASSERTIONS = NO;
				ENABLE_STRICT_OBJC_MSGSEND = YES;
				GCC_C_LANGUAGE_STANDARD = gnu99;
				GCC_WARN_64_TO_32_BIT_CONVERSION = YES;
				GCC_WARN_ABOUT_RETURN_TYPE = YES_ERROR;
				GCC_WARN_UNDECLARED_SELECTOR = YES;
				GCC_WARN_UNINITIALIZED_AUTOS = YES_AGGRESSIVE;
				GCC_WARN_UNUSED_FUNCTION = YES;
				GCC_WARN_UNUSED_VARIABLE = YES;
				IPHONEOS_DEPLOYMENT_TARGET = 8.1;
				MTL_ENABLE_DEBUG_INFO = NO;
				SDKROOT = iphoneos;
				VALIDATE_PRODUCT = YES;
			};
			name = Release;
		};
		041650551B4D7142008C78BE /* Debug */ = {
			isa = XCBuildConfiguration;
			baseConfigurationReference = A209E6A9E258BA344FA95EF1 /* Pods.debug.xcconfig */;
			buildSettings = {
				ASSETCATALOG_COMPILER_APPICON_NAME = AppIcon;
				CODE_SIGN_IDENTITY = "iPhone Developer: Song xie (ZY7745VUT5)";
				ENABLE_STRICT_OBJC_MSGSEND = NO;
				GCC_PREFIX_HEADER = "$(SRCROOT)/EggShell/PrefixHeader.pch";
				INFOPLIST_FILE = EggShell/Info.plist;
				LD_RUNPATH_SEARCH_PATHS = "$(inherited) @executable_path/Frameworks";
				PRODUCT_NAME = "$(TARGET_NAME)";
			};
			name = Debug;
		};
		041650561B4D7142008C78BE /* Release */ = {
			isa = XCBuildConfiguration;
			baseConfigurationReference = 52C8CB3344C41F9F3DBAC076 /* Pods.release.xcconfig */;
			buildSettings = {
				ASSETCATALOG_COMPILER_APPICON_NAME = AppIcon;
				CODE_SIGN_IDENTITY = "iPhone Developer: Song xie (ZY7745VUT5)";
				ENABLE_STRICT_OBJC_MSGSEND = NO;
				GCC_PREFIX_HEADER = "$(SRCROOT)/EggShell/PrefixHeader.pch";
				INFOPLIST_FILE = EggShell/Info.plist;
				LD_RUNPATH_SEARCH_PATHS = "$(inherited) @executable_path/Frameworks";
				PRODUCT_NAME = "$(TARGET_NAME)";
			};
			name = Release;
		};
		041650581B4D7142008C78BE /* Debug */ = {
			isa = XCBuildConfiguration;
			buildSettings = {
				BUNDLE_LOADER = "$(TEST_HOST)";
				FRAMEWORK_SEARCH_PATHS = (
					"$(SDKROOT)/Developer/Library/Frameworks",
					"$(inherited)",
				);
				GCC_PREPROCESSOR_DEFINITIONS = (
					"DEBUG=1",
					"$(inherited)",
				);
				INFOPLIST_FILE = EggShellTests/Info.plist;
				LD_RUNPATH_SEARCH_PATHS = "$(inherited) @executable_path/Frameworks @loader_path/Frameworks";
				PRODUCT_NAME = "$(TARGET_NAME)";
				TEST_HOST = "$(BUILT_PRODUCTS_DIR)/EggShell.app/EggShell";
			};
			name = Debug;
		};
		041650591B4D7142008C78BE /* Release */ = {
			isa = XCBuildConfiguration;
			buildSettings = {
				BUNDLE_LOADER = "$(TEST_HOST)";
				FRAMEWORK_SEARCH_PATHS = (
					"$(SDKROOT)/Developer/Library/Frameworks",
					"$(inherited)",
				);
				INFOPLIST_FILE = EggShellTests/Info.plist;
				LD_RUNPATH_SEARCH_PATHS = "$(inherited) @executable_path/Frameworks @loader_path/Frameworks";
				PRODUCT_NAME = "$(TARGET_NAME)";
				TEST_HOST = "$(BUILT_PRODUCTS_DIR)/EggShell.app/EggShell";
			};
			name = Release;
		};
/* End XCBuildConfiguration section */

/* Begin XCConfigurationList section */
		0416502C1B4D7141008C78BE /* Build configuration list for PBXProject "EggShell" */ = {
			isa = XCConfigurationList;
			buildConfigurations = (
				041650521B4D7142008C78BE /* Debug */,
				041650531B4D7142008C78BE /* Release */,
			);
			defaultConfigurationIsVisible = 0;
			defaultConfigurationName = Release;
		};
		041650541B4D7142008C78BE /* Build configuration list for PBXNativeTarget "EggShell" */ = {
			isa = XCConfigurationList;
			buildConfigurations = (
				041650551B4D7142008C78BE /* Debug */,
				041650561B4D7142008C78BE /* Release */,
			);
			defaultConfigurationIsVisible = 0;
			defaultConfigurationName = Release;
		};
		041650571B4D7142008C78BE /* Build configuration list for PBXNativeTarget "EggShellTests" */ = {
			isa = XCConfigurationList;
			buildConfigurations = (
				041650581B4D7142008C78BE /* Debug */,
				041650591B4D7142008C78BE /* Release */,
			);
			defaultConfigurationIsVisible = 0;
			defaultConfigurationName = Release;
		};
/* End XCConfigurationList section */
	};
	rootObject = 041650291B4D7141008C78BE /* Project object */;
}
