// !$*UTF8*$!
{
	archiveVersion = 1;
	classes = {
	};
	objectVersion = 46;
	objects = {

/* Begin PBXBuildFile section */
		041650371B4D7141008C78BE /* main.m in Sources */ = {isa = PBXBuildFile; fileRef = 041650361B4D7141008C78BE /* main.m */; };
		0416503A1B4D7141008C78BE /* AppDelegate.m in Sources */ = {isa = PBXBuildFile; fileRef = 041650391B4D7141008C78BE /* AppDelegate.m */; };
		0416503D1B4D7142008C78BE /* TH_ViewController.m in Sources */ = {isa = PBXBuildFile; fileRef = 0416503C1B4D7142008C78BE /* TH_ViewController.m */; };
		041650421B4D7142008C78BE /* Images.xcassets in Resources */ = {isa = PBXBuildFile; fileRef = 041650411B4D7142008C78BE /* Images.xcassets */; };
		041650451B4D7142008C78BE /* LaunchScreen.xib in Resources */ = {isa = PBXBuildFile; fileRef = 041650431B4D7142008C78BE /* LaunchScreen.xib */; };
		041650511B4D7142008C78BE /* EggShellTests.m in Sources */ = {isa = PBXBuildFile; fileRef = 041650501B4D7142008C78BE /* EggShellTests.m */; };
		041650671B4D7240008C78BE /* GAdapter.m in Sources */ = {isa = PBXBuildFile; fileRef = 0416505E1B4D7240008C78BE /* GAdapter.m */; };
		041650681B4D7240008C78BE /* GArrayAdapter.m in Sources */ = {isa = PBXBuildFile; fileRef = 041650601B4D7240008C78BE /* GArrayAdapter.m */; };
		041650691B4D7240008C78BE /* GObjAdapter.m in Sources */ = {isa = PBXBuildFile; fileRef = 041650621B4D7240008C78BE /* GObjAdapter.m */; };
		0416506A1B4D7240008C78BE /* Gson.m in Sources */ = {isa = PBXBuildFile; fileRef = 041650641B4D7240008C78BE /* Gson.m */; };
		0416506B1B4D7240008C78BE /* GVarAdapter.m in Sources */ = {isa = PBXBuildFile; fileRef = 041650661B4D7240008C78BE /* GVarAdapter.m */; };
		041650CA1B4D730F008C78BE /* MBProgressHUD+Show.m in Sources */ = {isa = PBXBuildFile; fileRef = 041650A51B4D730F008C78BE /* MBProgressHUD+Show.m */; };
		041650CB1B4D730F008C78BE /* MBProgressHUD.m in Sources */ = {isa = PBXBuildFile; fileRef = 041650A71B4D730F008C78BE /* MBProgressHUD.m */; };
		041650DF1B4D795B008C78BE /* AFAppRequest.m in Sources */ = {isa = PBXBuildFile; fileRef = 041650DE1B4D795B008C78BE /* AFAppRequest.m */; };
		041650EB1B4D7C4E008C78BE /* MJRefresh.bundle in Resources */ = {isa = PBXBuildFile; fileRef = 041650E11B4D7C4E008C78BE /* MJRefresh.bundle */; };
		041650EC1B4D7C4E008C78BE /* MJRefreshBaseView.m in Sources */ = {isa = PBXBuildFile; fileRef = 041650E41B4D7C4E008C78BE /* MJRefreshBaseView.m */; };
		041650ED1B4D7C4E008C78BE /* MJRefreshConst.m in Sources */ = {isa = PBXBuildFile; fileRef = 041650E61B4D7C4E008C78BE /* MJRefreshConst.m */; };
		041650EE1B4D7C4E008C78BE /* MJRefreshFooterView.m in Sources */ = {isa = PBXBuildFile; fileRef = 041650E81B4D7C4E008C78BE /* MJRefreshFooterView.m */; };
		041650EF1B4D7C4E008C78BE /* MJRefreshHeaderView.m in Sources */ = {isa = PBXBuildFile; fileRef = 041650EA1B4D7C4E008C78BE /* MJRefreshHeaderView.m */; };
		04237D901B66456F00768FAD /* LoginAndRegisterRequest.m in Sources */ = {isa = PBXBuildFile; fileRef = 04237D8F1B66456F00768FAD /* LoginAndRegisterRequest.m */; };
		04A483B41B74FD1B006FDB9D /* TH_MainTabBarController.m in Sources */ = {isa = PBXBuildFile; fileRef = 04A483B31B74FD1B006FDB9D /* TH_MainTabBarController.m */; };
		04A483B91B74FD71006FDB9D /* TH_MainViewController.m in Sources */ = {isa = PBXBuildFile; fileRef = 04A483B71B74FD71006FDB9D /* TH_MainViewController.m */; };
		04A483BA1B74FD71006FDB9D /* TH_MainViewController.xib in Resources */ = {isa = PBXBuildFile; fileRef = 04A483B81B74FD71006FDB9D /* TH_MainViewController.xib */; };
		04A483BF1B74FDAE006FDB9D /* TH_ActivityViewController.m in Sources */ = {isa = PBXBuildFile; fileRef = 04A483BD1B74FDAE006FDB9D /* TH_ActivityViewController.m */; };
		04A483C01B74FDAE006FDB9D /* TH_ActivityViewController.xib in Resources */ = {isa = PBXBuildFile; fileRef = 04A483BE1B74FDAE006FDB9D /* TH_ActivityViewController.xib */; };
		04A483C51B74FDDD006FDB9D /* TH_ClassViewController.m in Sources */ = {isa = PBXBuildFile; fileRef = 04A483C31B74FDDD006FDB9D /* TH_ClassViewController.m */; };
		04A483C61B74FDDD006FDB9D /* TH_ClassViewController.xib in Resources */ = {isa = PBXBuildFile; fileRef = 04A483C41B74FDDD006FDB9D /* TH_ClassViewController.xib */; };
		04A483CB1B74FE06006FDB9D /* TH_MineViewController.m in Sources */ = {isa = PBXBuildFile; fileRef = 04A483C91B74FE06006FDB9D /* TH_MineViewController.m */; };
		04A483CC1B74FE06006FDB9D /* TH_MineViewController.xib in Resources */ = {isa = PBXBuildFile; fileRef = 04A483CA1B74FE06006FDB9D /* TH_MineViewController.xib */; };
		04A483D01B750353006FDB9D /* bg_new.png in Resources */ = {isa = PBXBuildFile; fileRef = 04A483CF1B750353006FDB9D /* bg_new.png */; };
		04A483D71B751E77006FDB9D /* Utils.m in Sources */ = {isa = PBXBuildFile; fileRef = 04A483D61B751E77006FDB9D /* Utils.m */; };
		CA3D16A93CCBDD012A68A6C9 /* libPods.a in Frameworks */ = {isa = PBXBuildFile; fileRef = 37454D869BE49FA62A71A04C /* libPods.a */; };
/* End PBXBuildFile section */

/* Begin PBXContainerItemProxy section */
		0416504B1B4D7142008C78BE /* PBXContainerItemProxy */ = {
			isa = PBXContainerItemProxy;
			containerPortal = 041650291B4D7141008C78BE /* Project object */;
			proxyType = 1;
			remoteGlobalIDString = 041650301B4D7141008C78BE;
			remoteInfo = EggShell;
		};
/* End PBXContainerItemProxy section */

/* Begin PBXFileReference section */
		041650311B4D7141008C78BE /* EggShell.app */ = {isa = PBXFileReference; explicitFileType = wrapper.application; includeInIndex = 0; path = EggShell.app; sourceTree = BUILT_PRODUCTS_DIR; };
		041650351B4D7141008C78BE /* Info.plist */ = {isa = PBXFileReference; lastKnownFileType = text.plist.xml; path = Info.plist; sourceTree = "<group>"; };
		041650361B4D7141008C78BE /* main.m */ = {isa = PBXFileReference; lastKnownFileType = sourcecode.c.objc; path = main.m; sourceTree = "<group>"; };
		041650381B4D7141008C78BE /* AppDelegate.h */ = {isa = PBXFileReference; lastKnownFileType = sourcecode.c.h; path = AppDelegate.h; sourceTree = "<group>"; };
		041650391B4D7141008C78BE /* AppDelegate.m */ = {isa = PBXFileReference; lastKnownFileType = sourcecode.c.objc; path = AppDelegate.m; sourceTree = "<group>"; };
		0416503B1B4D7141008C78BE /* TH_ViewController.h */ = {isa = PBXFileReference; lastKnownFileType = sourcecode.c.h; path = TH_ViewController.h; sourceTree = "<group>"; };
		0416503C1B4D7142008C78BE /* TH_ViewController.m */ = {isa = PBXFileReference; lastKnownFileType = sourcecode.c.objc; path = TH_ViewController.m; sourceTree = "<group>"; };
		041650411B4D7142008C78BE /* Images.xcassets */ = {isa = PBXFileReference; lastKnownFileType = folder.assetcatalog; path = Images.xcassets; sourceTree = "<group>"; };
		041650441B4D7142008C78BE /* Base */ = {isa = PBXFileReference; lastKnownFileType = file.xib; name = Base; path = Base.lproj/LaunchScreen.xib; sourceTree = "<group>"; };
		0416504A1B4D7142008C78BE /* EggShellTests.xctest */ = {isa = PBXFileReference; explicitFileType = wrapper.cfbundle; includeInIndex = 0; path = EggShellTests.xctest; sourceTree = BUILT_PRODUCTS_DIR; };
		0416504F1B4D7142008C78BE /* Info.plist */ = {isa = PBXFileReference; lastKnownFileType = text.plist.xml; path = Info.plist; sourceTree = "<group>"; };
		041650501B4D7142008C78BE /* EggShellTests.m */ = {isa = PBXFileReference; lastKnownFileType = sourcecode.c.objc; path = EggShellTests.m; sourceTree = "<group>"; };
		0416505C1B4D7240008C78BE /* Expose.h */ = {isa = PBXFileReference; fileEncoding = 4; lastKnownFileType = sourcecode.c.h; path = Expose.h; sourceTree = "<group>"; };
		0416505D1B4D7240008C78BE /* GAdapter.h */ = {isa = PBXFileReference; fileEncoding = 4; lastKnownFileType = sourcecode.c.h; path = GAdapter.h; sourceTree = "<group>"; };
		0416505E1B4D7240008C78BE /* GAdapter.m */ = {isa = PBXFileReference; fileEncoding = 4; lastKnownFileType = sourcecode.c.objc; path = GAdapter.m; sourceTree = "<group>"; };
		0416505F1B4D7240008C78BE /* GArrayAdapter.h */ = {isa = PBXFileReference; fileEncoding = 4; lastKnownFileType = sourcecode.c.h; path = GArrayAdapter.h; sourceTree = "<group>"; };
		041650601B4D7240008C78BE /* GArrayAdapter.m */ = {isa = PBXFileReference; fileEncoding = 4; lastKnownFileType = sourcecode.c.objc; path = GArrayAdapter.m; sourceTree = "<group>"; };
		041650611B4D7240008C78BE /* GObjAdapter.h */ = {isa = PBXFileReference; fileEncoding = 4; lastKnownFileType = sourcecode.c.h; path = GObjAdapter.h; sourceTree = "<group>"; };
		041650621B4D7240008C78BE /* GObjAdapter.m */ = {isa = PBXFileReference; fileEncoding = 4; lastKnownFileType = sourcecode.c.objc; path = GObjAdapter.m; sourceTree = "<group>"; };
		041650631B4D7240008C78BE /* Gson.h */ = {isa = PBXFileReference; fileEncoding = 4; lastKnownFileType = sourcecode.c.h; path = Gson.h; sourceTree = "<group>"; };
		041650641B4D7240008C78BE /* Gson.m */ = {isa = PBXFileReference; fileEncoding = 4; lastKnownFileType = sourcecode.c.objc; path = Gson.m; sourceTree = "<group>"; };
		041650651B4D7240008C78BE /* GVarAdapter.h */ = {isa = PBXFileReference; fileEncoding = 4; lastKnownFileType = sourcecode.c.h; path = GVarAdapter.h; sourceTree = "<group>"; };
		041650661B4D7240008C78BE /* GVarAdapter.m */ = {isa = PBXFileReference; fileEncoding = 4; lastKnownFileType = sourcecode.c.objc; path = GVarAdapter.m; sourceTree = "<group>"; };
		041650A41B4D730F008C78BE /* MBProgressHUD+Show.h */ = {isa = PBXFileReference; fileEncoding = 4; lastKnownFileType = sourcecode.c.h; path = "MBProgressHUD+Show.h"; sourceTree = "<group>"; };
		041650A51B4D730F008C78BE /* MBProgressHUD+Show.m */ = {isa = PBXFileReference; fileEncoding = 4; lastKnownFileType = sourcecode.c.objc; path = "MBProgressHUD+Show.m"; sourceTree = "<group>"; };
		041650A61B4D730F008C78BE /* MBProgressHUD.h */ = {isa = PBXFileReference; fileEncoding = 4; lastKnownFileType = sourcecode.c.h; path = MBProgressHUD.h; sourceTree = "<group>"; };
		041650A71B4D730F008C78BE /* MBProgressHUD.m */ = {isa = PBXFileReference; fileEncoding = 4; lastKnownFileType = sourcecode.c.objc; path = MBProgressHUD.m; sourceTree = "<group>"; };
		041650DD1B4D795B008C78BE /* AFAppRequest.h */ = {isa = PBXFileReference; fileEncoding = 4; lastKnownFileType = sourcecode.c.h; path = AFAppRequest.h; sourceTree = "<group>"; };
		041650DE1B4D795B008C78BE /* AFAppRequest.m */ = {isa = PBXFileReference; fileEncoding = 4; lastKnownFileType = sourcecode.c.objc; path = AFAppRequest.m; sourceTree = "<group>"; };
		041650E11B4D7C4E008C78BE /* MJRefresh.bundle */ = {isa = PBXFileReference; lastKnownFileType = "wrapper.plug-in"; path = MJRefresh.bundle; sourceTree = "<group>"; };
		041650E21B4D7C4E008C78BE /* MJRefresh.h */ = {isa = PBXFileReference; fileEncoding = 4; lastKnownFileType = sourcecode.c.h; path = MJRefresh.h; sourceTree = "<group>"; };
		041650E31B4D7C4E008C78BE /* MJRefreshBaseView.h */ = {isa = PBXFileReference; fileEncoding = 4; lastKnownFileType = sourcecode.c.h; path = MJRefreshBaseView.h; sourceTree = "<group>"; };
		041650E41B4D7C4E008C78BE /* MJRefreshBaseView.m */ = {isa = PBXFileReference; fileEncoding = 4; lastKnownFileType = sourcecode.c.objc; path = MJRefreshBaseView.m; sourceTree = "<group>"; };
		041650E51B4D7C4E008C78BE /* MJRefreshConst.h */ = {isa = PBXFileReference; fileEncoding = 4; lastKnownFileType = sourcecode.c.h; path = MJRefreshConst.h; sourceTree = "<group>"; };
		041650E61B4D7C4E008C78BE /* MJRefreshConst.m */ = {isa = PBXFileReference; fileEncoding = 4; lastKnownFileType = sourcecode.c.objc; path = MJRefreshConst.m; sourceTree = "<group>"; };
		041650E71B4D7C4E008C78BE /* MJRefreshFooterView.h */ = {isa = PBXFileReference; fileEncoding = 4; lastKnownFileType = sourcecode.c.h; path = MJRefreshFooterView.h; sourceTree = "<group>"; };
		041650E81B4D7C4E008C78BE /* MJRefreshFooterView.m */ = {isa = PBXFileReference; fileEncoding = 4; lastKnownFileType = sourcecode.c.objc; path = MJRefreshFooterView.m; sourceTree = "<group>"; };
		041650E91B4D7C4E008C78BE /* MJRefreshHeaderView.h */ = {isa = PBXFileReference; fileEncoding = 4; lastKnownFileType = sourcecode.c.h; path = MJRefreshHeaderView.h; sourceTree = "<group>"; };
		041650EA1B4D7C4E008C78BE /* MJRefreshHeaderView.m */ = {isa = PBXFileReference; fileEncoding = 4; lastKnownFileType = sourcecode.c.objc; path = MJRefreshHeaderView.m; sourceTree = "<group>"; };
		041650F01B4D7F19008C78BE /* PrefixHeader.pch */ = {isa = PBXFileReference; lastKnownFileType = sourcecode.c.h; path = PrefixHeader.pch; sourceTree = "<group>"; };
		04237D8E1B66456F00768FAD /* LoginAndRegisterRequest.h */ = {isa = PBXFileReference; fileEncoding = 4; lastKnownFileType = sourcecode.c.h; path = LoginAndRegisterRequest.h; sourceTree = "<group>"; };
		04237D8F1B66456F00768FAD /* LoginAndRegisterRequest.m */ = {isa = PBXFileReference; fileEncoding = 4; lastKnownFileType = sourcecode.c.objc; path = LoginAndRegisterRequest.m; sourceTree = "<group>"; };
		04A483B21B74FD1B006FDB9D /* TH_MainTabBarController.h */ = {isa = PBXFileReference; fileEncoding = 4; lastKnownFileType = sourcecode.c.h; path = TH_MainTabBarController.h; sourceTree = "<group>"; };
		04A483B31B74FD1B006FDB9D /* TH_MainTabBarController.m */ = {isa = PBXFileReference; fileEncoding = 4; lastKnownFileType = sourcecode.c.objc; path = TH_MainTabBarController.m; sourceTree = "<group>"; };
		04A483B61B74FD71006FDB9D /* TH_MainViewController.h */ = {isa = PBXFileReference; fileEncoding = 4; lastKnownFileType = sourcecode.c.h; path = TH_MainViewController.h; sourceTree = "<group>"; };
		04A483B71B74FD71006FDB9D /* TH_MainViewController.m */ = {isa = PBXFileReference; fileEncoding = 4; lastKnownFileType = sourcecode.c.objc; path = TH_MainViewController.m; sourceTree = "<group>"; };
		04A483B81B74FD71006FDB9D /* TH_MainViewController.xib */ = {isa = PBXFileReference; fileEncoding = 4; lastKnownFileType = file.xib; path = TH_MainViewController.xib; sourceTree = "<group>"; };
		04A483BC1B74FDAE006FDB9D /* TH_ActivityViewController.h */ = {isa = PBXFileReference; fileEncoding = 4; lastKnownFileType = sourcecode.c.h; path = TH_ActivityViewController.h; sourceTree = "<group>"; };
		04A483BD1B74FDAE006FDB9D /* TH_ActivityViewController.m */ = {isa = PBXFileReference; fileEncoding = 4; lastKnownFileType = sourcecode.c.objc; path = TH_ActivityViewController.m; sourceTree = "<group>"; };
		04A483BE1B74FDAE006FDB9D /* TH_ActivityViewController.xib */ = {isa = PBXFileReference; fileEncoding = 4; lastKnownFileType = file.xib; path = TH_ActivityViewController.xib; sourceTree = "<group>"; };
		04A483C21B74FDDD006FDB9D /* TH_ClassViewController.h */ = {isa = PBXFileReference; fileEncoding = 4; lastKnownFileType = sourcecode.c.h; path = TH_ClassViewController.h; sourceTree = "<group>"; };
		04A483C31B74FDDD006FDB9D /* TH_ClassViewController.m */ = {isa = PBXFileReference; fileEncoding = 4; lastKnownFileType = sourcecode.c.objc; path = TH_ClassViewController.m; sourceTree = "<group>"; };
		04A483C41B74FDDD006FDB9D /* TH_ClassViewController.xib */ = {isa = PBXFileReference; fileEncoding = 4; lastKnownFileType = file.xib; path = TH_ClassViewController.xib; sourceTree = "<group>"; };
		04A483C81B74FE06006FDB9D /* TH_MineViewController.h */ = {isa = PBXFileReference; fileEncoding = 4; lastKnownFileType = sourcecode.c.h; path = TH_MineViewController.h; sourceTree = "<group>"; };
		04A483C91B74FE06006FDB9D /* TH_MineViewController.m */ = {isa = PBXFileReference; fileEncoding = 4; lastKnownFileType = sourcecode.c.objc; path = TH_MineViewController.m; sourceTree = "<group>"; };
		04A483CA1B74FE06006FDB9D /* TH_MineViewController.xib */ = {isa = PBXFileReference; fileEncoding = 4; lastKnownFileType = file.xib; path = TH_MineViewController.xib; sourceTree = "<group>"; };
		04A483CF1B750353006FDB9D /* bg_new.png */ = {isa = PBXFileReference; lastKnownFileType = image.png; path = bg_new.png; sourceTree = "<group>"; };
		04A483D51B751E77006FDB9D /* Utils.h */ = {isa = PBXFileReference; fileEncoding = 4; lastKnownFileType = sourcecode.c.h; path = Utils.h; sourceTree = "<group>"; };
		04A483D61B751E77006FDB9D /* Utils.m */ = {isa = PBXFileReference; fileEncoding = 4; lastKnownFileType = sourcecode.c.objc; path = Utils.m; sourceTree = "<group>"; };
		37454D869BE49FA62A71A04C /* libPods.a */ = {isa = PBXFileReference; explicitFileType = archive.ar; includeInIndex = 0; path = libPods.a; sourceTree = BUILT_PRODUCTS_DIR; };
		52C8CB3344C41F9F3DBAC076 /* Pods.release.xcconfig */ = {isa = PBXFileReference; includeInIndex = 1; lastKnownFileType = text.xcconfig; name = Pods.release.xcconfig; path = "Pods/Target Support Files/Pods/Pods.release.xcconfig"; sourceTree = "<group>"; };
		A209E6A9E258BA344FA95EF1 /* Pods.debug.xcconfig */ = {isa = PBXFileReference; includeInIndex = 1; lastKnownFileType = text.xcconfig; name = Pods.debug.xcconfig; path = "Pods/Target Support Files/Pods/Pods.debug.xcconfig"; sourceTree = "<group>"; };
/* End PBXFileReference section */

/* Begin PBXFrameworksBuildPhase section */
		0416502E1B4D7141008C78BE /* Frameworks */ = {
			isa = PBXFrameworksBuildPhase;
			buildActionMask = 2147483647;
			files = (
				CA3D16A93CCBDD012A68A6C9 /* libPods.a in Frameworks */,
			);
			runOnlyForDeploymentPostprocessing = 0;
		};
		041650471B4D7142008C78BE /* Frameworks */ = {
			isa = PBXFrameworksBuildPhase;
			buildActionMask = 2147483647;
			files = (
			);
			runOnlyForDeploymentPostprocessing = 0;
		};
/* End PBXFrameworksBuildPhase section */

/* Begin PBXGroup section */
		0237599393BF78A52DFB0C38 /* Frameworks */ = {
			isa = PBXGroup;
			children = (
				37454D869BE49FA62A71A04C /* libPods.a */,
			);
			name = Frameworks;
			sourceTree = "<group>";
		};
		041650281B4D7141008C78BE = {
			isa = PBXGroup;
			children = (
				04A483CF1B750353006FDB9D /* bg_new.png */,
				041650331B4D7141008C78BE /* EggShell */,
				0416504D1B4D7142008C78BE /* EggShellTests */,
				041650321B4D7141008C78BE /* Products */,
				B3CC7EB400379DA8CBAEF017 /* Pods */,
				0237599393BF78A52DFB0C38 /* Frameworks */,
			);
			sourceTree = "<group>";
		};
		041650321B4D7141008C78BE /* Products */ = {
			isa = PBXGroup;
			children = (
				041650311B4D7141008C78BE /* EggShell.app */,
				0416504A1B4D7142008C78BE /* EggShellTests.xctest */,
			);
			name = Products;
			sourceTree = "<group>";
		};
		041650331B4D7141008C78BE /* EggShell */ = {
			isa = PBXGroup;
			children = (
				04A483D41B751E5D006FDB9D /* tool */,
				04A483B11B74FCE2006FDB9D /* ViewControllers */,
				041650DC1B4D7718008C78BE /* NetWork */,
				0416505A1B4D71D4008C78BE /* 3rd */,
				041650381B4D7141008C78BE /* AppDelegate.h */,
				041650391B4D7141008C78BE /* AppDelegate.m */,
				0416503B1B4D7141008C78BE /* TH_ViewController.h */,
				0416503C1B4D7142008C78BE /* TH_ViewController.m */,
				041650411B4D7142008C78BE /* Images.xcassets */,
				041650431B4D7142008C78BE /* LaunchScreen.xib */,
				041650341B4D7141008C78BE /* Supporting Files */,
			);
			path = EggShell;
			sourceTree = "<group>";
		};
		041650341B4D7141008C78BE /* Supporting Files */ = {
			isa = PBXGroup;
			children = (
				041650351B4D7141008C78BE /* Info.plist */,
				041650361B4D7141008C78BE /* main.m */,
				041650F01B4D7F19008C78BE /* PrefixHeader.pch */,
			);
			name = "Supporting Files";
			sourceTree = "<group>";
		};
		0416504D1B4D7142008C78BE /* EggShellTests */ = {
			isa = PBXGroup;
			children = (
				041650501B4D7142008C78BE /* EggShellTests.m */,
				0416504E1B4D7142008C78BE /* Supporting Files */,
			);
			path = EggShellTests;
			sourceTree = "<group>";
		};
		0416504E1B4D7142008C78BE /* Supporting Files */ = {
			isa = PBXGroup;
			children = (
				0416504F1B4D7142008C78BE /* Info.plist */,
			);
			name = "Supporting Files";
			sourceTree = "<group>";
		};
		0416505A1B4D71D4008C78BE /* 3rd */ = {
			isa = PBXGroup;
			children = (
				041650E01B4D7C4E008C78BE /* MJRefresh */,
				041650A31B4D730F008C78BE /* MBProgressHUD */,
				0416505B1B4D7240008C78BE /* Gson */,
			);
			path = 3rd;
			sourceTree = "<group>";
		};
		0416505B1B4D7240008C78BE /* Gson */ = {
			isa = PBXGroup;
			children = (
				0416505C1B4D7240008C78BE /* Expose.h */,
				0416505D1B4D7240008C78BE /* GAdapter.h */,
				0416505E1B4D7240008C78BE /* GAdapter.m */,
				0416505F1B4D7240008C78BE /* GArrayAdapter.h */,
				041650601B4D7240008C78BE /* GArrayAdapter.m */,
				041650611B4D7240008C78BE /* GObjAdapter.h */,
				041650621B4D7240008C78BE /* GObjAdapter.m */,
				041650631B4D7240008C78BE /* Gson.h */,
				041650641B4D7240008C78BE /* Gson.m */,
				041650651B4D7240008C78BE /* GVarAdapter.h */,
				041650661B4D7240008C78BE /* GVarAdapter.m */,
			);
			path = Gson;
			sourceTree = "<group>";
		};
		041650A31B4D730F008C78BE /* MBProgressHUD */ = {
			isa = PBXGroup;
			children = (
				041650A41B4D730F008C78BE /* MBProgressHUD+Show.h */,
				041650A51B4D730F008C78BE /* MBProgressHUD+Show.m */,
				041650A61B4D730F008C78BE /* MBProgressHUD.h */,
				041650A71B4D730F008C78BE /* MBProgressHUD.m */,
			);
			path = MBProgressHUD;
			sourceTree = "<group>";
		};
		041650DC1B4D7718008C78BE /* NetWork */ = {
			isa = PBXGroup;
			children = (
				041650DD1B4D795B008C78BE /* AFAppRequest.h */,
				041650DE1B4D795B008C78BE /* AFAppRequest.m */,
				04237D8E1B66456F00768FAD /* LoginAndRegisterRequest.h */,
				04237D8F1B66456F00768FAD /* LoginAndRegisterRequest.m */,
			);
			path = NetWork;
			sourceTree = "<group>";
		};
		041650E01B4D7C4E008C78BE /* MJRefresh */ = {
			isa = PBXGroup;
			children = (
				041650E11B4D7C4E008C78BE /* MJRefresh.bundle */,
				041650E21B4D7C4E008C78BE /* MJRefresh.h */,
				041650E31B4D7C4E008C78BE /* MJRefreshBaseView.h */,
				041650E41B4D7C4E008C78BE /* MJRefreshBaseView.m */,
				041650E51B4D7C4E008C78BE /* MJRefreshConst.h */,
				041650E61B4D7C4E008C78BE /* MJRefreshConst.m */,
				041650E71B4D7C4E008C78BE /* MJRefreshFooterView.h */,
				041650E81B4D7C4E008C78BE /* MJRefreshFooterView.m */,
				041650E91B4D7C4E008C78BE /* MJRefreshHeaderView.h */,
				041650EA1B4D7C4E008C78BE /* MJRefreshHeaderView.m */,
			);
			path = MJRefresh;
			sourceTree = "<group>";
		};
		04A483B11B74FCE2006FDB9D /* ViewControllers */ = {
			isa = PBXGroup;
			children = (
				04A483C71B74FDF5006FDB9D /* Mine */,
				04A483C11B74FDCE006FDB9D /* Class */,
				04A483BB1B74FD99006FDB9D /* Activity */,
				04A483B51B74FD4D006FDB9D /* Main */,
				04A483B21B74FD1B006FDB9D /* TH_MainTabBarController.h */,
				04A483B31B74FD1B006FDB9D /* TH_MainTabBarController.m */,
			);
			path = ViewControllers;
			sourceTree = "<group>";
		};
		04A483B51B74FD4D006FDB9D /* Main */ = {
			isa = PBXGroup;
			children = (
				04A483B61B74FD71006FDB9D /* TH_MainViewController.h */,
				04A483B71B74FD71006FDB9D /* TH_MainViewController.m */,
				04A483B81B74FD71006FDB9D /* TH_MainViewController.xib */,
			);
			path = Main;
			sourceTree = "<group>";
		};
		04A483BB1B74FD99006FDB9D /* Activity */ = {
			isa = PBXGroup;
			children = (
				04A483BC1B74FDAE006FDB9D /* TH_ActivityViewController.h */,
				04A483BD1B74FDAE006FDB9D /* TH_ActivityViewController.m */,
				04A483BE1B74FDAE006FDB9D /* TH_ActivityViewController.xib */,
			);
			path = Activity;
			sourceTree = "<group>";
		};
		04A483C11B74FDCE006FDB9D /* Class */ = {
			isa = PBXGroup;
			children = (
				04A483C21B74FDDD006FDB9D /* TH_ClassViewController.h */,
				04A483C31B74FDDD006FDB9D /* TH_ClassViewController.m */,
				04A483C41B74FDDD006FDB9D /* TH_ClassViewController.xib */,
			);
			path = Class;
			sourceTree = "<group>";
		};
		04A483C71B74FDF5006FDB9D /* Mine */ = {
			isa = PBXGroup;
			children = (
				04A483C81B74FE06006FDB9D /* TH_MineViewController.h */,
				04A483C91B74FE06006FDB9D /* TH_MineViewController.m */,
				04A483CA1B74FE06006FDB9D /* TH_MineViewController.xib */,
			);
			path = Mine;
			sourceTree = "<group>";
		};
		04A483D41B751E5D006FDB9D /* tool */ = {
			isa = PBXGroup;
			children = (
				04A483D51B751E77006FDB9D /* Utils.h */,
				04A483D61B751E77006FDB9D /* Utils.m */,
			);
			path = tool;
			sourceTree = "<group>";
		};
		B3CC7EB400379DA8CBAEF017 /* Pods */ = {
			isa = PBXGroup;
			children = (
				A209E6A9E258BA344FA95EF1 /* Pods.debug.xcconfig */,
				52C8CB3344C41F9F3DBAC076 /* Pods.release.xcconfig */,
			);
			name = Pods;
			sourceTree = "<group>";
		};
/* End PBXGroup section */

/* Begin PBXNativeTarget section */
		041650301B4D7141008C78BE /* EggShell */ = {
			isa = PBXNativeTarget;
			buildConfigurationList = 041650541B4D7142008C78BE /* Build configuration list for PBXNativeTarget "EggShell" */;
			buildPhases = (
				AA57DFE565F0E83AC4450445 /* Check Pods Manifest.lock */,
				0416502D1B4D7141008C78BE /* Sources */,
				0416502E1B4D7141008C78BE /* Frameworks */,
				0416502F1B4D7141008C78BE /* Resources */,
				DE44DA92B598BC209219D7BE /* Copy Pods Resources */,
			);
			buildRules = (
			);
			dependencies = (
			);
			name = EggShell;
			productName = EggShell;
			productReference = 041650311B4D7141008C78BE /* EggShell.app */;
			productType = "com.apple.product-type.application";
		};
		041650491B4D7142008C78BE /* EggShellTests */ = {
			isa = PBXNativeTarget;
			buildConfigurationList = 041650571B4D7142008C78BE /* Build configuration list for PBXNativeTarget "EggShellTests" */;
			buildPhases = (
				041650461B4D7142008C78BE /* Sources */,
				041650471B4D7142008C78BE /* Frameworks */,
				041650481B4D7142008C78BE /* Resources */,
			);
			buildRules = (
			);
			dependencies = (
				0416504C1B4D7142008C78BE /* PBXTargetDependency */,
			);
			name = EggShellTests;
			productName = EggShellTests;
			productReference = 0416504A1B4D7142008C78BE /* EggShellTests.xctest */;
			productType = "com.apple.product-type.bundle.unit-test";
		};
/* End PBXNativeTarget section */

/* Begin PBXProject section */
		041650291B4D7141008C78BE /* Project object */ = {
			isa = PBXProject;
			attributes = {
				LastUpgradeCheck = 0610;
				ORGANIZATIONNAME = wsd;
				TargetAttributes = {
					041650301B4D7141008C78BE = {
						CreatedOnToolsVersion = 6.1.1;
					};
					041650491B4D7142008C78BE = {
						CreatedOnToolsVersion = 6.1.1;
						TestTargetID = 041650301B4D7141008C78BE;
					};
				};
			};
			buildConfigurationList = 0416502C1B4D7141008C78BE /* Build configuration list for PBXProject "EggShell" */;
			compatibilityVersion = "Xcode 3.2";
			developmentRegion = English;
			hasScannedForEncodings = 0;
			knownRegions = (
				en,
				Base,
			);
			mainGroup = 041650281B4D7141008C78BE;
			productRefGroup = 041650321B4D7141008C78BE /* Products */;
			projectDirPath = "";
			projectRoot = "";
			targets = (
				041650301B4D7141008C78BE /* EggShell */,
				041650491B4D7142008C78BE /* EggShellTests */,
			);
		};
/* End PBXProject section */

/* Begin PBXResourcesBuildPhase section */
		0416502F1B4D7141008C78BE /* Resources */ = {
			isa = PBXResourcesBuildPhase;
			buildActionMask = 2147483647;
			files = (
				041650451B4D7142008C78BE /* LaunchScreen.xib in Resources */,
				04A483CC1B74FE06006FDB9D /* TH_MineViewController.xib in Resources */,
				041650421B4D7142008C78BE /* Images.xcassets in Resources */,
				041650EB1B4D7C4E008C78BE /* MJRefresh.bundle in Resources */,
				04A483C61B74FDDD006FDB9D /* TH_ClassViewController.xib in Resources */,
				04A483C01B74FDAE006FDB9D /* TH_ActivityViewController.xib in Resources */,
				04A483BA1B74FD71006FDB9D /* TH_MainViewController.xib in Resources */,
				04A483D01B750353006FDB9D /* bg_new.png in Resources */,
			);
			runOnlyForDeploymentPostprocessing = 0;
		};
		041650481B4D7142008C78BE /* Resources */ = {
			isa = PBXResourcesBuildPhase;
			buildActionMask = 2147483647;
			files = (
			);
			runOnlyForDeploymentPostprocessing = 0;
		};
/* End PBXResourcesBuildPhase section */

/* Begin PBXShellScriptBuildPhase section */
		AA57DFE565F0E83AC4450445 /* Check Pods Manifest.lock */ = {
			isa = PBXShellScriptBuildPhase;
			buildActionMask = 2147483647;
			files = (
			);
			inputPaths = (
			);
			name = "Check Pods Manifest.lock";
			outputPaths = (
			);
			runOnlyForDeploymentPostprocessing = 0;
			shellPath = /bin/sh;
			shellScript = "diff \"${PODS_ROOT}/../Podfile.lock\" \"${PODS_ROOT}/Manifest.lock\" > /dev/null\nif [[ $? != 0 ]] ; then\n    cat << EOM\nerror: The sandbox is not in sync with the Podfile.lock. Run 'pod install' or update your CocoaPods installation.\nEOM\n    exit 1\nfi\n";
			showEnvVarsInLog = 0;
		};
		DE44DA92B598BC209219D7BE /* Copy Pods Resources */ = {
			isa = PBXShellScriptBuildPhase;
			buildActionMask = 2147483647;
			files = (
			);
			inputPaths = (
			);
			name = "Copy Pods Resources";
			outputPaths = (
			);
			runOnlyForDeploymentPostprocessing = 0;
			shellPath = /bin/sh;
			shellScript = "\"${SRCROOT}/Pods/Target Support Files/Pods/Pods-resources.sh\"\n";
			showEnvVarsInLog = 0;
		};
/* End PBXShellScriptBuildPhase section */

/* Begin PBXSourcesBuildPhase section */
		0416502D1B4D7141008C78BE /* Sources */ = {
			isa = PBXSourcesBuildPhase;
			buildActionMask = 2147483647;
			files = (
				041650EE1B4D7C4E008C78BE /* MJRefreshFooterView.m in Sources */,
				04A483D71B751E77006FDB9D /* Utils.m in Sources */,
				04A483C51B74FDDD006FDB9D /* TH_ClassViewController.m in Sources */,
				041650CA1B4D730F008C78BE /* MBProgressHUD+Show.m in Sources */,
				041650DF1B4D795B008C78BE /* AFAppRequest.m in Sources */,
				0416503D1B4D7142008C78BE /* TH_ViewController.m in Sources */,
				0416506B1B4D7240008C78BE /* GVarAdapter.m in Sources */,
				041650691B4D7240008C78BE /* GObjAdapter.m in Sources */,
				041650CB1B4D730F008C78BE /* MBProgressHUD.m in Sources */,
				041650671B4D7240008C78BE /* GAdapter.m in Sources */,
				0416503A1B4D7141008C78BE /* AppDelegate.m in Sources */,
				041650371B4D7141008C78BE /* main.m in Sources */,
				041650ED1B4D7C4E008C78BE /* MJRefreshConst.m in Sources */,
				04237D901B66456F00768FAD /* LoginAndRegisterRequest.m in Sources */,
				0416506A1B4D7240008C78BE /* Gson.m in Sources */,
				04A483B91B74FD71006FDB9D /* TH_MainViewController.m in Sources */,
				04A483CB1B74FE06006FDB9D /* TH_MineViewController.m in Sources */,
				041650EC1B4D7C4E008C78BE /* MJRefreshBaseView.m in Sources */,
				041650EF1B4D7C4E008C78BE /* MJRefreshHeaderView.m in Sources */,
				04A483B41B74FD1B006FDB9D /* TH_MainTabBarController.m in Sources */,
				04A483BF1B74FDAE006FDB9D /* TH_ActivityViewController.m in Sources */,
				041650681B4D7240008C78BE /* GArrayAdapter.m in Sources */,
			);
			runOnlyForDeploymentPostprocessing = 0;
		};
		041650461B4D7142008C78BE /* Sources */ = {
			isa = PBXSourcesBuildPhase;
			buildActionMask = 2147483647;
			files = (
				041650511B4D7142008C78BE /* EggShellTests.m in Sources */,
			);
			runOnlyForDeploymentPostprocessing = 0;
		};
/* End PBXSourcesBuildPhase section */

/* Begin PBXTargetDependency section */
		0416504C1B4D7142008C78BE /* PBXTargetDependency */ = {
			isa = PBXTargetDependency;
			target = 041650301B4D7141008C78BE /* EggShell */;
			targetProxy = 0416504B1B4D7142008C78BE /* PBXContainerItemProxy */;
		};
/* End PBXTargetDependency section */

/* Begin PBXVariantGroup section */
		041650431B4D7142008C78BE /* LaunchScreen.xib */ = {
			isa = PBXVariantGroup;
			children = (
				041650441B4D7142008C78BE /* Base */,
			);
			name = LaunchScreen.xib;
			sourceTree = "<group>";
		};
/* End PBXVariantGroup section */

/* Begin XCBuildConfiguration section */
		041650521B4D7142008C78BE /* Debug */ = {
			isa = XCBuildConfiguration;
			buildSettings = {
				ALWAYS_SEARCH_USER_PATHS = NO;
				CLANG_CXX_LANGUAGE_STANDARD = "gnu++0x";
				CLANG_CXX_LIBRARY = "libc++";
				CLANG_ENABLE_MODULES = YES;
				CLANG_ENABLE_OBJC_ARC = YES;
				CLANG_WARN_BOOL_CONVERSION = YES;
				CLANG_WARN_CONSTANT_CONVERSION = YES;
				CLANG_WARN_DIRECT_OBJC_ISA_USAGE = YES_ERROR;
				CLANG_WARN_EMPTY_BODY = YES;
				CLANG_WARN_ENUM_CONVERSION = YES;
				CLANG_WARN_INT_CONVERSION = YES;
				CLANG_WARN_OBJC_ROOT_CLASS = YES_ERROR;
				CLANG_WARN_UNREACHABLE_CODE = YES;
				CLANG_WARN__DUPLICATE_METHOD_MATCH = YES;
				CODE_SIGN_IDENTITY = "iPhone Developer: Song xie (ZY7745VUT5)";
				"CODE_SIGN_IDENTITY[sdk=iphoneos*]" = "iPhone Developer: Song xie (ZY7745VUT5)";
				COPY_PHASE_STRIP = NO;
				ENABLE_STRICT_OBJC_MSGSEND = YES;
				GCC_C_LANGUAGE_STANDARD = gnu99;
				GCC_DYNAMIC_NO_PIC = NO;
				GCC_OPTIMIZATION_LEVEL = 0;
				GCC_PREPROCESSOR_DEFINITIONS = (
					"DEBUG=1",
					"$(inherited)",
				);
				GCC_SYMBOLS_PRIVATE_EXTERN = NO;
				GCC_WARN_64_TO_32_BIT_CONVERSION = YES;
				GCC_WARN_ABOUT_RETURN_TYPE = YES_ERROR;
				GCC_WARN_UNDECLARED_SELECTOR = YES;
				GCC_WARN_UNINITIALIZED_AUTOS = YES_AGGRESSIVE;
				GCC_WARN_UNUSED_FUNCTION = YES;
				GCC_WARN_UNUSED_VARIABLE = YES;
				IPHONEOS_DEPLOYMENT_TARGET = 8.1;
				MTL_ENABLE_DEBUG_INFO = YES;
				ONLY_ACTIVE_ARCH = YES;
				SDKROOT = iphoneos;
			};
			name = Debug;
		};
		041650531B4D7142008C78BE /* Release */ = {
			isa = XCBuildConfiguration;
			buildSettings = {
				ALWAYS_SEARCH_USER_PATHS = NO;
				CLANG_CXX_LANGUAGE_STANDARD = "gnu++0x";
				CLANG_CXX_LIBRARY = "libc++";
				CLANG_ENABLE_MODULES = YES;
				CLANG_ENABLE_OBJC_ARC = YES;
				CLANG_WARN_BOOL_CONVERSION = YES;
				CLANG_WARN_CONSTANT_CONVERSION = YES;
				CLANG_WARN_DIRECT_OBJC_ISA_USAGE = YES_ERROR;
				CLANG_WARN_EMPTY_BODY = YES;
				CLANG_WARN_ENUM_CONVERSION = YES;
				CLANG_WARN_INT_CONVERSION = YES;
				CLANG_WARN_OBJC_ROOT_CLASS = YES_ERROR;
				CLANG_WARN_UNREACHABLE_CODE = YES;
				CLANG_WARN__DUPLICATE_METHOD_MATCH = YES;
				CODE_SIGN_IDENTITY = "iPhone Developer: Song xie (ZY7745VUT5)";
				"CODE_SIGN_IDENTITY[sdk=iphoneos*]" = "iPhone Developer: Song xie (ZY7745VUT5)";
				COPY_PHASE_STRIP = YES;
				ENABLE_NS_ASSERTIONS = NO;
				ENABLE_STRICT_OBJC_MSGSEND = YES;
				GCC_C_LANGUAGE_STANDARD = gnu99;
				GCC_WARN_64_TO_32_BIT_CONVERSION = YES;
				GCC_WARN_ABOUT_RETURN_TYPE = YES_ERROR;
				GCC_WARN_UNDECLARED_SELECTOR = YES;
				GCC_WARN_UNINITIALIZED_AUTOS = YES_AGGRESSIVE;
				GCC_WARN_UNUSED_FUNCTION = YES;
				GCC_WARN_UNUSED_VARIABLE = YES;
				IPHONEOS_DEPLOYMENT_TARGET = 8.1;
				MTL_ENABLE_DEBUG_INFO = NO;
				SDKROOT = iphoneos;
				VALIDATE_PRODUCT = YES;
			};
			name = Release;
		};
		041650551B4D7142008C78BE /* Debug */ = {
			isa = XCBuildConfiguration;
			baseConfigurationReference = A209E6A9E258BA344FA95EF1 /* Pods.debug.xcconfig */;
			buildSettings = {
				ASSETCATALOG_COMPILER_APPICON_NAME = AppIcon;
				CODE_SIGN_IDENTITY = "iPhone Developer: Song xie (ZY7745VUT5)";
				ENABLE_STRICT_OBJC_MSGSEND = NO;
				GCC_PREFIX_HEADER = "$(SRCROOT)/EggShell/PrefixHeader.pch";
				INFOPLIST_FILE = EggShell/Info.plist;
				LD_RUNPATH_SEARCH_PATHS = "$(inherited) @executable_path/Frameworks";
				PRODUCT_NAME = "$(TARGET_NAME)";
			};
			name = Debug;
		};
		041650561B4D7142008C78BE /* Release */ = {
			isa = XCBuildConfiguration;
			baseConfigurationReference = 52C8CB3344C41F9F3DBAC076 /* Pods.release.xcconfig */;
			buildSettings = {
				ASSETCATALOG_COMPILER_APPICON_NAME = AppIcon;
				CODE_SIGN_IDENTITY = "iPhone Developer: Song xie (ZY7745VUT5)";
				ENABLE_STRICT_OBJC_MSGSEND = NO;
				GCC_PREFIX_HEADER = "$(SRCROOT)/EggShell/PrefixHeader.pch";
				INFOPLIST_FILE = EggShell/Info.plist;
				LD_RUNPATH_SEARCH_PATHS = "$(inherited) @executable_path/Frameworks";
				PRODUCT_NAME = "$(TARGET_NAME)";
			};
			name = Release;
		};
		041650581B4D7142008C78BE /* Debug */ = {
			isa = XCBuildConfiguration;
			buildSettings = {
				BUNDLE_LOADER = "$(TEST_HOST)";
				FRAMEWORK_SEARCH_PATHS = (
					"$(SDKROOT)/Developer/Library/Frameworks",
					"$(inherited)",
				);
				GCC_PREPROCESSOR_DEFINITIONS = (
					"DEBUG=1",
					"$(inherited)",
				);
				INFOPLIST_FILE = EggShellTests/Info.plist;
				LD_RUNPATH_SEARCH_PATHS = "$(inherited) @executable_path/Frameworks @loader_path/Frameworks";
				PRODUCT_NAME = "$(TARGET_NAME)";
				TEST_HOST = "$(BUILT_PRODUCTS_DIR)/EggShell.app/EggShell";
			};
			name = Debug;
		};
		041650591B4D7142008C78BE /* Release */ = {
			isa = XCBuildConfiguration;
			buildSettings = {
				BUNDLE_LOADER = "$(TEST_HOST)";
				FRAMEWORK_SEARCH_PATHS = (
					"$(SDKROOT)/Developer/Library/Frameworks",
					"$(inherited)",
				);
				INFOPLIST_FILE = EggShellTests/Info.plist;
				LD_RUNPATH_SEARCH_PATHS = "$(inherited) @executable_path/Frameworks @loader_path/Frameworks";
				PRODUCT_NAME = "$(TARGET_NAME)";
				TEST_HOST = "$(BUILT_PRODUCTS_DIR)/EggShell.app/EggShell";
			};
			name = Release;
		};
/* End XCBuildConfiguration section */

/* Begin XCConfigurationList section */
		0416502C1B4D7141008C78BE /* Build configuration list for PBXProject "EggShell" */ = {
			isa = XCConfigurationList;
			buildConfigurations = (
				041650521B4D7142008C78BE /* Debug */,
				041650531B4D7142008C78BE /* Release */,
			);
			defaultConfigurationIsVisible = 0;
			defaultConfigurationName = Release;
		};
		041650541B4D7142008C78BE /* Build configuration list for PBXNativeTarget "EggShell" */ = {
			isa = XCConfigurationList;
			buildConfigurations = (
				041650551B4D7142008C78BE /* Debug */,
				041650561B4D7142008C78BE /* Release */,
			);
			defaultConfigurationIsVisible = 0;
			defaultConfigurationName = Release;
		};
		041650571B4D7142008C78BE /* Build configuration list for PBXNativeTarget "EggShellTests" */ = {
			isa = XCConfigurationList;
			buildConfigurations = (
				041650581B4D7142008C78BE /* Debug */,
				041650591B4D7142008C78BE /* Release */,
			);
			defaultConfigurationIsVisible = 0;
			defaultConfigurationName = Release;
		};
/* End XCConfigurationList section */
	};
	rootObject = 041650291B4D7141008C78BE /* Project object */;
}
